# This file is automatically @generated by Poetry 1.7.1 and should not be changed by hand.

[[package]]
name = "astunparse"
version = "1.6.3"
description = "An AST unparser for Python"
optional = false
python-versions = "*"
files = [
    {file = "astunparse-1.6.3-py2.py3-none-any.whl", hash = "sha256:c2652417f2c8b5bb325c885ae329bdf3f86424075c4fd1a128674bc6fba4b8e8"},
    {file = "astunparse-1.6.3.tar.gz", hash = "sha256:5ad93a8456f0d084c3456d059fd9a92cce667963232cbf763eac3bc5b7940872"},
]

[package.dependencies]
six = ">=1.6.1,<2.0"
wheel = ">=0.23.0,<1.0"

[[package]]
name = "click"
version = "8.1.7"
description = "Composable command line interface toolkit"
optional = false
python-versions = ">=3.7"
files = [
    {file = "click-8.1.7-py3-none-any.whl", hash = "sha256:ae74fb96c20a0277a1d615f1e4d73c8414f5a98db8b799a7931d1582f3390c28"},
    {file = "click-8.1.7.tar.gz", hash = "sha256:ca9853ad459e787e2192211578cc907e7594e294c7ccc834310722b41b9ca6de"},
]

[package.dependencies]
colorama = {version = "*", markers = "platform_system == \"Windows\""}

[[package]]
name = "colorama"
version = "0.4.6"
description = "Cross-platform colored terminal text."
optional = false
python-versions = "!=3.0.*,!=3.1.*,!=3.2.*,!=3.3.*,!=3.4.*,!=3.5.*,!=3.6.*,>=2.7"
files = [
    {file = "colorama-0.4.6-py2.py3-none-any.whl", hash = "sha256:4f1d9991f5acc0ca119f9d443620b77f9d6b33703e51011c16baf57afb285fc6"},
    {file = "colorama-0.4.6.tar.gz", hash = "sha256:08695f5cb7ed6e0531a20572697297273c47b8cae5a63ffc6d6ed5c201be6e44"},
]

[[package]]
name = "exceptiongroup"
version = "1.2.0"
description = "Backport of PEP 654 (exception groups)"
optional = false
python-versions = ">=3.7"
files = [
    {file = "exceptiongroup-1.2.0-py3-none-any.whl", hash = "sha256:4bfd3996ac73b41e9b9628b04e079f193850720ea5945fc96a08633c66912f14"},
    {file = "exceptiongroup-1.2.0.tar.gz", hash = "sha256:91f5c769735f051a4290d52edd0858999b57e5876e9f85937691bd4c9fa3ed68"},
]

[package.extras]
test = ["pytest (>=6)"]

[[package]]
name = "grpc-stubs"
version = "1.53.0.3"
description = "Mypy stubs for gRPC"
optional = false
python-versions = ">=3.6"
files = [
    {file = "grpc-stubs-1.53.0.3.tar.gz", hash = "sha256:6e5d75cdc88c0ba918e2f8395851f1e6a7c19a7c7fc3e902bde4601c7a1cbf96"},
    {file = "grpc_stubs-1.53.0.3-py3-none-any.whl", hash = "sha256:312c3c697089344936c9779118a105bcc4ccc8eef053265f3f23086acdba2683"},
]

[package.dependencies]
grpcio = "*"

[[package]]
name = "grpcio"
version = "1.60.0"
description = "HTTP/2-based RPC framework"
optional = false
python-versions = ">=3.7"
files = [
    {file = "grpcio-1.60.0-cp310-cp310-linux_armv7l.whl", hash = "sha256:d020cfa595d1f8f5c6b343530cd3ca16ae5aefdd1e832b777f9f0eb105f5b139"},
    {file = "grpcio-1.60.0-cp310-cp310-macosx_12_0_universal2.whl", hash = "sha256:b98f43fcdb16172dec5f4b49f2fece4b16a99fd284d81c6bbac1b3b69fcbe0ff"},
    {file = "grpcio-1.60.0-cp310-cp310-manylinux_2_17_aarch64.whl", hash = "sha256:20e7a4f7ded59097c84059d28230907cd97130fa74f4a8bfd1d8e5ba18c81491"},
    {file = "grpcio-1.60.0-cp310-cp310-manylinux_2_17_i686.manylinux2014_i686.whl", hash = "sha256:452ca5b4afed30e7274445dd9b441a35ece656ec1600b77fff8c216fdf07df43"},
    {file = "grpcio-1.60.0-cp310-cp310-manylinux_2_17_x86_64.manylinux2014_x86_64.whl", hash = "sha256:43e636dc2ce9ece583b3e2ca41df5c983f4302eabc6d5f9cd04f0562ee8ec1ae"},
    {file = "grpcio-1.60.0-cp310-cp310-musllinux_1_1_i686.whl", hash = "sha256:6e306b97966369b889985a562ede9d99180def39ad42c8014628dd3cc343f508"},
    {file = "grpcio-1.60.0-cp310-cp310-musllinux_1_1_x86_64.whl", hash = "sha256:f897c3b127532e6befdcf961c415c97f320d45614daf84deba0a54e64ea2457b"},
    {file = "grpcio-1.60.0-cp310-cp310-win32.whl", hash = "sha256:b87efe4a380887425bb15f220079aa8336276398dc33fce38c64d278164f963d"},
    {file = "grpcio-1.60.0-cp310-cp310-win_amd64.whl", hash = "sha256:a9c7b71211f066908e518a2ef7a5e211670761651039f0d6a80d8d40054047df"},
    {file = "grpcio-1.60.0-cp311-cp311-linux_armv7l.whl", hash = "sha256:fb464479934778d7cc5baf463d959d361954d6533ad34c3a4f1d267e86ee25fd"},
    {file = "grpcio-1.60.0-cp311-cp311-macosx_10_10_universal2.whl", hash = "sha256:4b44d7e39964e808b071714666a812049765b26b3ea48c4434a3b317bac82f14"},
    {file = "grpcio-1.60.0-cp311-cp311-manylinux_2_17_aarch64.whl", hash = "sha256:90bdd76b3f04bdb21de5398b8a7c629676c81dfac290f5f19883857e9371d28c"},
    {file = "grpcio-1.60.0-cp311-cp311-manylinux_2_17_i686.manylinux2014_i686.whl", hash = "sha256:91229d7203f1ef0ab420c9b53fe2ca5c1fbeb34f69b3bc1b5089466237a4a134"},
    {file = "grpcio-1.60.0-cp311-cp311-manylinux_2_17_x86_64.manylinux2014_x86_64.whl", hash = "sha256:3b36a2c6d4920ba88fa98075fdd58ff94ebeb8acc1215ae07d01a418af4c0253"},
    {file = "grpcio-1.60.0-cp311-cp311-musllinux_1_1_i686.whl", hash = "sha256:297eef542156d6b15174a1231c2493ea9ea54af8d016b8ca7d5d9cc65cfcc444"},
    {file = "grpcio-1.60.0-cp311-cp311-musllinux_1_1_x86_64.whl", hash = "sha256:87c9224acba0ad8bacddf427a1c2772e17ce50b3042a789547af27099c5f751d"},
    {file = "grpcio-1.60.0-cp311-cp311-win32.whl", hash = "sha256:95ae3e8e2c1b9bf671817f86f155c5da7d49a2289c5cf27a319458c3e025c320"},
    {file = "grpcio-1.60.0-cp311-cp311-win_amd64.whl", hash = "sha256:467a7d31554892eed2aa6c2d47ded1079fc40ea0b9601d9f79204afa8902274b"},
    {file = "grpcio-1.60.0-cp312-cp312-linux_armv7l.whl", hash = "sha256:a7152fa6e597c20cb97923407cf0934e14224af42c2b8d915f48bc3ad2d9ac18"},
    {file = "grpcio-1.60.0-cp312-cp312-macosx_10_10_universal2.whl", hash = "sha256:7db16dd4ea1b05ada504f08d0dca1cd9b926bed3770f50e715d087c6f00ad748"},
    {file = "grpcio-1.60.0-cp312-cp312-manylinux_2_17_aarch64.whl", hash = "sha256:b0571a5aef36ba9177e262dc88a9240c866d903a62799e44fd4aae3f9a2ec17e"},
    {file = "grpcio-1.60.0-cp312-cp312-manylinux_2_17_i686.manylinux2014_i686.whl", hash = "sha256:6fd9584bf1bccdfff1512719316efa77be235469e1e3295dce64538c4773840b"},
    {file = "grpcio-1.60.0-cp312-cp312-manylinux_2_17_x86_64.manylinux2014_x86_64.whl", hash = "sha256:d6a478581b1a1a8fdf3318ecb5f4d0cda41cacdffe2b527c23707c9c1b8fdb55"},
    {file = "grpcio-1.60.0-cp312-cp312-musllinux_1_1_i686.whl", hash = "sha256:77c8a317f0fd5a0a2be8ed5cbe5341537d5c00bb79b3bb27ba7c5378ba77dbca"},
    {file = "grpcio-1.60.0-cp312-cp312-musllinux_1_1_x86_64.whl", hash = "sha256:1c30bb23a41df95109db130a6cc1b974844300ae2e5d68dd4947aacba5985aa5"},
    {file = "grpcio-1.60.0-cp312-cp312-win32.whl", hash = "sha256:2aef56e85901c2397bd557c5ba514f84de1f0ae5dd132f5d5fed042858115951"},
    {file = "grpcio-1.60.0-cp312-cp312-win_amd64.whl", hash = "sha256:e381fe0c2aa6c03b056ad8f52f8efca7be29fb4d9ae2f8873520843b6039612a"},
    {file = "grpcio-1.60.0-cp37-cp37m-linux_armv7l.whl", hash = "sha256:92f88ca1b956eb8427a11bb8b4a0c0b2b03377235fc5102cb05e533b8693a415"},
    {file = "grpcio-1.60.0-cp37-cp37m-macosx_10_10_universal2.whl", hash = "sha256:e278eafb406f7e1b1b637c2cf51d3ad45883bb5bd1ca56bc05e4fc135dfdaa65"},
    {file = "grpcio-1.60.0-cp37-cp37m-manylinux_2_17_aarch64.whl", hash = "sha256:a48edde788b99214613e440fce495bbe2b1e142a7f214cce9e0832146c41e324"},
    {file = "grpcio-1.60.0-cp37-cp37m-manylinux_2_17_i686.manylinux2014_i686.whl", hash = "sha256:de2ad69c9a094bf37c1102b5744c9aec6cf74d2b635558b779085d0263166454"},
    {file = "grpcio-1.60.0-cp37-cp37m-manylinux_2_17_x86_64.manylinux2014_x86_64.whl", hash = "sha256:073f959c6f570797272f4ee9464a9997eaf1e98c27cb680225b82b53390d61e6"},
    {file = "grpcio-1.60.0-cp37-cp37m-musllinux_1_1_i686.whl", hash = "sha256:c826f93050c73e7769806f92e601e0efdb83ec8d7c76ddf45d514fee54e8e619"},
    {file = "grpcio-1.60.0-cp37-cp37m-musllinux_1_1_x86_64.whl", hash = "sha256:9e30be89a75ee66aec7f9e60086fadb37ff8c0ba49a022887c28c134341f7179"},
    {file = "grpcio-1.60.0-cp37-cp37m-win_amd64.whl", hash = "sha256:b0fb2d4801546598ac5cd18e3ec79c1a9af8b8f2a86283c55a5337c5aeca4b1b"},
    {file = "grpcio-1.60.0-cp38-cp38-linux_armv7l.whl", hash = "sha256:9073513ec380434eb8d21970e1ab3161041de121f4018bbed3146839451a6d8e"},
    {file = "grpcio-1.60.0-cp38-cp38-macosx_10_10_universal2.whl", hash = "sha256:74d7d9fa97809c5b892449b28a65ec2bfa458a4735ddad46074f9f7d9550ad13"},
    {file = "grpcio-1.60.0-cp38-cp38-manylinux_2_17_aarch64.whl", hash = "sha256:1434ca77d6fed4ea312901122dc8da6c4389738bf5788f43efb19a838ac03ead"},
    {file = "grpcio-1.60.0-cp38-cp38-manylinux_2_17_i686.manylinux2014_i686.whl", hash = "sha256:e61e76020e0c332a98290323ecfec721c9544f5b739fab925b6e8cbe1944cf19"},
    {file = "grpcio-1.60.0-cp38-cp38-manylinux_2_17_x86_64.manylinux2014_x86_64.whl", hash = "sha256:675997222f2e2f22928fbba640824aebd43791116034f62006e19730715166c0"},
    {file = "grpcio-1.60.0-cp38-cp38-musllinux_1_1_i686.whl", hash = "sha256:5208a57eae445ae84a219dfd8b56e04313445d146873117b5fa75f3245bc1390"},
    {file = "grpcio-1.60.0-cp38-cp38-musllinux_1_1_x86_64.whl", hash = "sha256:428d699c8553c27e98f4d29fdc0f0edc50e9a8a7590bfd294d2edb0da7be3629"},
    {file = "grpcio-1.60.0-cp38-cp38-win32.whl", hash = "sha256:83f2292ae292ed5a47cdcb9821039ca8e88902923198f2193f13959360c01860"},
    {file = "grpcio-1.60.0-cp38-cp38-win_amd64.whl", hash = "sha256:705a68a973c4c76db5d369ed573fec3367d7d196673fa86614b33d8c8e9ebb08"},
    {file = "grpcio-1.60.0-cp39-cp39-linux_armv7l.whl", hash = "sha256:c193109ca4070cdcaa6eff00fdb5a56233dc7610216d58fb81638f89f02e4968"},
    {file = "grpcio-1.60.0-cp39-cp39-macosx_10_10_universal2.whl", hash = "sha256:676e4a44e740deaba0f4d95ba1d8c5c89a2fcc43d02c39f69450b1fa19d39590"},
    {file = "grpcio-1.60.0-cp39-cp39-manylinux_2_17_aarch64.whl", hash = "sha256:5ff21e000ff2f658430bde5288cb1ac440ff15c0d7d18b5fb222f941b46cb0d2"},
    {file = "grpcio-1.60.0-cp39-cp39-manylinux_2_17_i686.manylinux2014_i686.whl", hash = "sha256:4c86343cf9ff7b2514dd229bdd88ebba760bd8973dac192ae687ff75e39ebfab"},
    {file = "grpcio-1.60.0-cp39-cp39-manylinux_2_17_x86_64.manylinux2014_x86_64.whl", hash = "sha256:0fd3b3968ffe7643144580f260f04d39d869fcc2cddb745deef078b09fd2b328"},
    {file = "grpcio-1.60.0-cp39-cp39-musllinux_1_1_i686.whl", hash = "sha256:30943b9530fe3620e3b195c03130396cd0ee3a0d10a66c1bee715d1819001eaf"},
    {file = "grpcio-1.60.0-cp39-cp39-musllinux_1_1_x86_64.whl", hash = "sha256:b10241250cb77657ab315270b064a6c7f1add58af94befa20687e7c8d8603ae6"},
    {file = "grpcio-1.60.0-cp39-cp39-win32.whl", hash = "sha256:79a050889eb8d57a93ed21d9585bb63fca881666fc709f5d9f7f9372f5e7fd03"},
    {file = "grpcio-1.60.0-cp39-cp39-win_amd64.whl", hash = "sha256:8a97a681e82bc11a42d4372fe57898d270a2707f36c45c6676e49ce0d5c41353"},
    {file = "grpcio-1.60.0.tar.gz", hash = "sha256:2199165a1affb666aa24adf0c97436686d0a61bc5fc113c037701fb7c7fceb96"},
]

[package.extras]
protobuf = ["grpcio-tools (>=1.60.0)"]

[[package]]
name = "grpcio-tools"
version = "1.60.0"
description = "Protobuf code generator for gRPC"
optional = true
python-versions = ">=3.7"
files = [
    {file = "grpcio-tools-1.60.0.tar.gz", hash = "sha256:ed30499340228d733ff69fcf4a66590ed7921f94eb5a2bf692258b1280b9dac7"},
    {file = "grpcio_tools-1.60.0-cp310-cp310-linux_armv7l.whl", hash = "sha256:6807b7a3f3e6e594566100bd7fe04a2c42ce6d5792652677f1aaf5aa5adaef3d"},
    {file = "grpcio_tools-1.60.0-cp310-cp310-macosx_12_0_universal2.whl", hash = "sha256:857c5351e9dc33a019700e171163f94fcc7e3ae0f6d2b026b10fda1e3c008ef1"},
    {file = "grpcio_tools-1.60.0-cp310-cp310-manylinux_2_17_aarch64.whl", hash = "sha256:ec0e401e9a43d927d216d5169b03c61163fb52b665c5af2fed851357b15aef88"},
    {file = "grpcio_tools-1.60.0-cp310-cp310-manylinux_2_17_i686.manylinux2014_i686.whl", hash = "sha256:e68dc4474f30cad11a965f0eb5d37720a032b4720afa0ec19dbcea2de73b5aae"},
    {file = "grpcio_tools-1.60.0-cp310-cp310-manylinux_2_17_x86_64.manylinux2014_x86_64.whl", hash = "sha256:bbf0ed772d2ae7e8e5d7281fcc00123923ab130b94f7a843eee9af405918f924"},
    {file = "grpcio_tools-1.60.0-cp310-cp310-musllinux_1_1_i686.whl", hash = "sha256:c771b19dce2bfe06899247168c077d7ab4e273f6655d8174834f9a6034415096"},
    {file = "grpcio_tools-1.60.0-cp310-cp310-musllinux_1_1_x86_64.whl", hash = "sha256:e5614cf0960456d21d8a0f4902e3e5e3bcacc4e400bf22f196e5dd8aabb978b7"},
    {file = "grpcio_tools-1.60.0-cp310-cp310-win32.whl", hash = "sha256:87cf439178f3eb45c1a889b2e4a17cbb4c450230d92c18d9c57e11271e239c55"},
    {file = "grpcio_tools-1.60.0-cp310-cp310-win_amd64.whl", hash = "sha256:687f576d7ff6ce483bc9a196d1ceac45144e8733b953620a026daed8e450bc38"},
    {file = "grpcio_tools-1.60.0-cp311-cp311-linux_armv7l.whl", hash = "sha256:2a8a758701f3ac07ed85f5a4284c6a9ddefcab7913a8e552497f919349e72438"},
    {file = "grpcio_tools-1.60.0-cp311-cp311-macosx_10_10_universal2.whl", hash = "sha256:7c1cde49631732356cb916ee1710507967f19913565ed5f9991e6c9cb37e3887"},
    {file = "grpcio_tools-1.60.0-cp311-cp311-manylinux_2_17_aarch64.whl", hash = "sha256:d941749bd8dc3f8be58fe37183143412a27bec3df8482d5abd6b4ec3f1ac2924"},
    {file = "grpcio_tools-1.60.0-cp311-cp311-manylinux_2_17_i686.manylinux2014_i686.whl", hash = "sha256:9ee35234f1da8fba7ddbc544856ff588243f1128ea778d7a1da3039be829a134"},
    {file = "grpcio_tools-1.60.0-cp311-cp311-manylinux_2_17_x86_64.manylinux2014_x86_64.whl", hash = "sha256:b8f7a5094adb49e85db13ea3df5d99a976c2bdfd83b0ba26af20ebb742ac6786"},
    {file = "grpcio_tools-1.60.0-cp311-cp311-musllinux_1_1_i686.whl", hash = "sha256:24c4ead4a03037beaeb8ef2c90d13d70101e35c9fae057337ed1a9144ef10b53"},
    {file = "grpcio_tools-1.60.0-cp311-cp311-musllinux_1_1_x86_64.whl", hash = "sha256:811abb9c4fb6679e0058dfa123fb065d97b158b71959c0e048e7972bbb82ba0f"},
    {file = "grpcio_tools-1.60.0-cp311-cp311-win32.whl", hash = "sha256:bd2a17b0193fbe4793c215d63ce1e01ae00a8183d81d7c04e77e1dfafc4b2b8a"},
    {file = "grpcio_tools-1.60.0-cp311-cp311-win_amd64.whl", hash = "sha256:b22b1299b666eebd5752ba7719da536075eae3053abcf2898b65f763c314d9da"},
    {file = "grpcio_tools-1.60.0-cp312-cp312-linux_armv7l.whl", hash = "sha256:74025fdd6d1cb7ba4b5d087995339e9a09f0c16cf15dfe56368b23e41ffeaf7a"},
    {file = "grpcio_tools-1.60.0-cp312-cp312-macosx_10_10_universal2.whl", hash = "sha256:5a907a4f1ffba86501b2cdb8682346249ea032b922fc69a92f082ba045cca548"},
    {file = "grpcio_tools-1.60.0-cp312-cp312-manylinux_2_17_aarch64.whl", hash = "sha256:1fbb9554466d560472f07d906bfc8dcaf52f365c2a407015185993e30372a886"},
    {file = "grpcio_tools-1.60.0-cp312-cp312-manylinux_2_17_i686.manylinux2014_i686.whl", hash = "sha256:f10ef47460ce3c6fd400f05fe757b90df63486c9b84d1ecad42dcc5f80c8ac14"},
    {file = "grpcio_tools-1.60.0-cp312-cp312-manylinux_2_17_x86_64.manylinux2014_x86_64.whl", hash = "sha256:321b18f42a70813545e416ddcb8bf20defa407a8114906711c9710a69596ceda"},
    {file = "grpcio_tools-1.60.0-cp312-cp312-musllinux_1_1_i686.whl", hash = "sha256:081336d8258f1a56542aa8a7a5dec99a2b38d902e19fbdd744594783301b0210"},
    {file = "grpcio_tools-1.60.0-cp312-cp312-musllinux_1_1_x86_64.whl", hash = "sha256:addc9b23d6ff729d9f83d4a2846292d4c84f5eb2ec38f08489a6a0d66ac2b91e"},
    {file = "grpcio_tools-1.60.0-cp312-cp312-win32.whl", hash = "sha256:e87cabac7969bdde309575edc2456357667a1b28262b2c1f12580ef48315b19d"},
    {file = "grpcio_tools-1.60.0-cp312-cp312-win_amd64.whl", hash = "sha256:e70d867c120d9849093b0ac24d861e378bc88af2552e743d83b9f642d2caa7c2"},
    {file = "grpcio_tools-1.60.0-cp37-cp37m-linux_armv7l.whl", hash = "sha256:559ce714fe212aaf4abbe1493c5bb8920def00cc77ce0d45266f4fd9d8b3166f"},
    {file = "grpcio_tools-1.60.0-cp37-cp37m-macosx_10_10_universal2.whl", hash = "sha256:7a5263a0f2ddb7b1cfb2349e392cfc4f318722e0f48f886393e06946875d40f3"},
    {file = "grpcio_tools-1.60.0-cp37-cp37m-manylinux_2_17_aarch64.whl", hash = "sha256:18976684a931ca4bcba65c78afa778683aefaae310f353e198b1823bf09775a0"},
    {file = "grpcio_tools-1.60.0-cp37-cp37m-manylinux_2_17_i686.manylinux2014_i686.whl", hash = "sha256:e5c519a0d4ba1ab44a004fa144089738c59278233e2010b2cf4527dc667ff297"},
    {file = "grpcio_tools-1.60.0-cp37-cp37m-manylinux_2_17_x86_64.manylinux2014_x86_64.whl", hash = "sha256:6170873b1e5b6580ebb99e87fb6e4ea4c48785b910bd7af838cc6e44b2bccb04"},
    {file = "grpcio_tools-1.60.0-cp37-cp37m-musllinux_1_1_i686.whl", hash = "sha256:fb4df80868b3e397d5fbccc004c789d2668b622b51a9d2387b4c89c80d31e2c5"},
    {file = "grpcio_tools-1.60.0-cp37-cp37m-musllinux_1_1_x86_64.whl", hash = "sha256:dba6e32c87b4af29b5f475fb2f470f7ee3140bfc128644f17c6c59ddeb670680"},
    {file = "grpcio_tools-1.60.0-cp37-cp37m-win_amd64.whl", hash = "sha256:f610384dee4b1ca705e8da66c5b5fe89a2de3d165c5282c3d1ddf40cb18924e4"},
    {file = "grpcio_tools-1.60.0-cp38-cp38-linux_armv7l.whl", hash = "sha256:4041538f55aad5b3ae7e25ab314d7995d689e968bfc8aa169d939a3160b1e4c6"},
    {file = "grpcio_tools-1.60.0-cp38-cp38-macosx_10_10_universal2.whl", hash = "sha256:2fb4cf74bfe1e707cf10bc9dd38a1ebaa145179453d150febb121c7e9cd749bf"},
    {file = "grpcio_tools-1.60.0-cp38-cp38-manylinux_2_17_aarch64.whl", hash = "sha256:2fd1671c52f96e79a2302c8b1c1f78b8a561664b8b3d6946f20d8f1cc6b4225a"},
    {file = "grpcio_tools-1.60.0-cp38-cp38-manylinux_2_17_i686.manylinux2014_i686.whl", hash = "sha256:dd1e68c232fe01dd5312a8dbe52c50ecd2b5991d517d7f7446af4ba6334ba872"},
    {file = "grpcio_tools-1.60.0-cp38-cp38-manylinux_2_17_x86_64.manylinux2014_x86_64.whl", hash = "sha256:17a32b3da4fc0798cdcec0a9c974ac2a1e98298f151517bf9148294a3b1a5742"},
    {file = "grpcio_tools-1.60.0-cp38-cp38-musllinux_1_1_i686.whl", hash = "sha256:9970d384fb0c084b00945ef57d98d57a8d32be106d8f0bd31387f7cbfe411b5b"},
    {file = "grpcio_tools-1.60.0-cp38-cp38-musllinux_1_1_x86_64.whl", hash = "sha256:5ce6bbd4936977ec1114f2903eb4342781960d521b0d82f73afedb9335251f6f"},
    {file = "grpcio_tools-1.60.0-cp38-cp38-win32.whl", hash = "sha256:2e00de389729ca8d8d1a63c2038703078a887ff738dc31be640b7da9c26d0d4f"},
    {file = "grpcio_tools-1.60.0-cp38-cp38-win_amd64.whl", hash = "sha256:6192184b1f99372ff1d9594bd4b12264e3ff26440daba7eb043726785200ff77"},
    {file = "grpcio_tools-1.60.0-cp39-cp39-linux_armv7l.whl", hash = "sha256:eae27f9b16238e2aaee84c77b5923c6924d6dccb0bdd18435bf42acc8473ae1a"},
    {file = "grpcio_tools-1.60.0-cp39-cp39-macosx_10_10_universal2.whl", hash = "sha256:b96981f3a31b85074b73d97c8234a5ed9053d65a36b18f4a9c45a2120a5b7a0a"},
    {file = "grpcio_tools-1.60.0-cp39-cp39-manylinux_2_17_aarch64.whl", hash = "sha256:1748893efd05cf4a59a175d7fa1e4fbb652f4d84ccaa2109f7869a2be48ed25e"},
    {file = "grpcio_tools-1.60.0-cp39-cp39-manylinux_2_17_i686.manylinux2014_i686.whl", hash = "sha256:7a6fe752205caae534f29fba907e2f59ff79aa42c6205ce9a467e9406cbac68c"},
    {file = "grpcio_tools-1.60.0-cp39-cp39-manylinux_2_17_x86_64.manylinux2014_x86_64.whl", hash = "sha256:3456df087ea61a0972a5bc165aed132ed6ddcc63f5749e572f9fff84540bdbad"},
    {file = "grpcio_tools-1.60.0-cp39-cp39-musllinux_1_1_i686.whl", hash = "sha256:f3d916606dcf5610d4367918245b3d9d8cd0d2ec0b7043d1bbb8c50fe9815c3a"},
    {file = "grpcio_tools-1.60.0-cp39-cp39-musllinux_1_1_x86_64.whl", hash = "sha256:fc01bc1079279ec342f0f1b6a107b3f5dc3169c33369cf96ada6e2e171f74e86"},
    {file = "grpcio_tools-1.60.0-cp39-cp39-win32.whl", hash = "sha256:2dd01257e4feff986d256fa0bac9f56de59dc735eceeeb83de1c126e2e91f653"},
    {file = "grpcio_tools-1.60.0-cp39-cp39-win_amd64.whl", hash = "sha256:1b93ae8ffd18e9af9a965ebca5fa521e89066267de7abdde20721edc04e42721"},
]

[package.dependencies]
grpcio = ">=1.60.0"
protobuf = ">=4.21.6,<5.0dev"
setuptools = "*"

[[package]]
name = "importlib-metadata"
version = "7.0.0"
description = "Read metadata from Python packages"
optional = false
python-versions = ">=3.8"
files = [
    {file = "importlib_metadata-7.0.0-py3-none-any.whl", hash = "sha256:d97503976bb81f40a193d41ee6570868479c69d5068651eb039c40d850c59d67"},
    {file = "importlib_metadata-7.0.0.tar.gz", hash = "sha256:7fc841f8b8332803464e5dc1c63a2e59121f46ca186c0e2e182e80bf8c1319f7"},
]

[package.dependencies]
zipp = ">=0.5"

[package.extras]
docs = ["furo", "jaraco.packaging (>=9.3)", "jaraco.tidelift (>=1.4)", "rst.linker (>=1.9)", "sphinx (<7.2.5)", "sphinx (>=3.5)", "sphinx-lint"]
perf = ["ipython"]
testing = ["flufl.flake8", "importlib-resources (>=1.3)", "packaging", "pyfakefs", "pytest (>=6)", "pytest-black (>=0.3.7)", "pytest-checkdocs (>=2.4)", "pytest-cov", "pytest-enabler (>=2.2)", "pytest-mypy (>=0.9.1)", "pytest-perf (>=0.9.2)", "pytest-ruff"]

[[package]]
name = "iniconfig"
version = "2.0.0"
description = "brain-dead simple config-ini parsing"
optional = false
python-versions = ">=3.7"
files = [
    {file = "iniconfig-2.0.0-py3-none-any.whl", hash = "sha256:b6a85871a79d2e3b22d2d1b94ac2824226a63c6b741c88f7ae975f18b6778374"},
    {file = "iniconfig-2.0.0.tar.gz", hash = "sha256:2d91e135bf72d31a410b17c16da610a82cb55f6b0477d1a902134b24a455b8b3"},
]

[[package]]
name = "mypy"
version = "1.7.1"
description = "Optional static typing for Python"
optional = false
python-versions = ">=3.8"
files = [
    {file = "mypy-1.7.1-cp310-cp310-macosx_10_9_x86_64.whl", hash = "sha256:12cce78e329838d70a204293e7b29af9faa3ab14899aec397798a4b41be7f340"},
    {file = "mypy-1.7.1-cp310-cp310-macosx_11_0_arm64.whl", hash = "sha256:1484b8fa2c10adf4474f016e09d7a159602f3239075c7bf9f1627f5acf40ad49"},
    {file = "mypy-1.7.1-cp310-cp310-manylinux_2_17_x86_64.manylinux2014_x86_64.whl", hash = "sha256:31902408f4bf54108bbfb2e35369877c01c95adc6192958684473658c322c8a5"},
    {file = "mypy-1.7.1-cp310-cp310-musllinux_1_1_x86_64.whl", hash = "sha256:f2c2521a8e4d6d769e3234350ba7b65ff5d527137cdcde13ff4d99114b0c8e7d"},
    {file = "mypy-1.7.1-cp310-cp310-win_amd64.whl", hash = "sha256:fcd2572dd4519e8a6642b733cd3a8cfc1ef94bafd0c1ceed9c94fe736cb65b6a"},
    {file = "mypy-1.7.1-cp311-cp311-macosx_10_9_x86_64.whl", hash = "sha256:4b901927f16224d0d143b925ce9a4e6b3a758010673eeded9b748f250cf4e8f7"},
    {file = "mypy-1.7.1-cp311-cp311-macosx_11_0_arm64.whl", hash = "sha256:2f7f6985d05a4e3ce8255396df363046c28bea790e40617654e91ed580ca7c51"},
    {file = "mypy-1.7.1-cp311-cp311-manylinux_2_17_x86_64.manylinux2014_x86_64.whl", hash = "sha256:944bdc21ebd620eafefc090cdf83158393ec2b1391578359776c00de00e8907a"},
    {file = "mypy-1.7.1-cp311-cp311-musllinux_1_1_x86_64.whl", hash = "sha256:9c7ac372232c928fff0645d85f273a726970c014749b924ce5710d7d89763a28"},
    {file = "mypy-1.7.1-cp311-cp311-win_amd64.whl", hash = "sha256:f6efc9bd72258f89a3816e3a98c09d36f079c223aa345c659622f056b760ab42"},
    {file = "mypy-1.7.1-cp312-cp312-macosx_10_9_x86_64.whl", hash = "sha256:6dbdec441c60699288adf051f51a5d512b0d818526d1dcfff5a41f8cd8b4aaf1"},
    {file = "mypy-1.7.1-cp312-cp312-macosx_11_0_arm64.whl", hash = "sha256:4fc3d14ee80cd22367caaaf6e014494415bf440980a3045bf5045b525680ac33"},
    {file = "mypy-1.7.1-cp312-cp312-manylinux_2_17_x86_64.manylinux2014_x86_64.whl", hash = "sha256:2c6e4464ed5f01dc44dc9821caf67b60a4e5c3b04278286a85c067010653a0eb"},
    {file = "mypy-1.7.1-cp312-cp312-musllinux_1_1_x86_64.whl", hash = "sha256:d9b338c19fa2412f76e17525c1b4f2c687a55b156320acb588df79f2e6fa9fea"},
    {file = "mypy-1.7.1-cp312-cp312-win_amd64.whl", hash = "sha256:204e0d6de5fd2317394a4eff62065614c4892d5a4d1a7ee55b765d7a3d9e3f82"},
    {file = "mypy-1.7.1-cp38-cp38-macosx_10_9_x86_64.whl", hash = "sha256:84860e06ba363d9c0eeabd45ac0fde4b903ad7aa4f93cd8b648385a888e23200"},
    {file = "mypy-1.7.1-cp38-cp38-macosx_11_0_arm64.whl", hash = "sha256:8c5091ebd294f7628eb25ea554852a52058ac81472c921150e3a61cdd68f75a7"},
    {file = "mypy-1.7.1-cp38-cp38-manylinux_2_17_x86_64.manylinux2014_x86_64.whl", hash = "sha256:40716d1f821b89838589e5b3106ebbc23636ffdef5abc31f7cd0266db936067e"},
    {file = "mypy-1.7.1-cp38-cp38-musllinux_1_1_x86_64.whl", hash = "sha256:5cf3f0c5ac72139797953bd50bc6c95ac13075e62dbfcc923571180bebb662e9"},
    {file = "mypy-1.7.1-cp38-cp38-win_amd64.whl", hash = "sha256:78e25b2fd6cbb55ddfb8058417df193f0129cad5f4ee75d1502248e588d9e0d7"},
    {file = "mypy-1.7.1-cp39-cp39-macosx_10_9_x86_64.whl", hash = "sha256:75c4d2a6effd015786c87774e04331b6da863fc3fc4e8adfc3b40aa55ab516fe"},
    {file = "mypy-1.7.1-cp39-cp39-macosx_11_0_arm64.whl", hash = "sha256:2643d145af5292ee956aa0a83c2ce1038a3bdb26e033dadeb2f7066fb0c9abce"},
    {file = "mypy-1.7.1-cp39-cp39-manylinux_2_17_x86_64.manylinux2014_x86_64.whl", hash = "sha256:75aa828610b67462ffe3057d4d8a4112105ed211596b750b53cbfe182f44777a"},
    {file = "mypy-1.7.1-cp39-cp39-musllinux_1_1_x86_64.whl", hash = "sha256:ee5d62d28b854eb61889cde4e1dbc10fbaa5560cb39780c3995f6737f7e82120"},
    {file = "mypy-1.7.1-cp39-cp39-win_amd64.whl", hash = "sha256:72cf32ce7dd3562373f78bd751f73c96cfb441de147cc2448a92c1a308bd0ca6"},
    {file = "mypy-1.7.1-py3-none-any.whl", hash = "sha256:f7c5d642db47376a0cc130f0de6d055056e010debdaf0707cd2b0fc7e7ef30ea"},
    {file = "mypy-1.7.1.tar.gz", hash = "sha256:fcb6d9afb1b6208b4c712af0dafdc650f518836065df0d4fb1d800f5d6773db2"},
]

[package.dependencies]
mypy-extensions = ">=1.0.0"
tomli = {version = ">=1.1.0", markers = "python_version < \"3.11\""}
typing-extensions = ">=4.1.0"

[package.extras]
dmypy = ["psutil (>=4.0)"]
install-types = ["pip"]
mypyc = ["setuptools (>=50)"]
reports = ["lxml"]

[[package]]
name = "mypy-extensions"
version = "1.0.0"
description = "Type system extensions for programs checked with the mypy type checker."
optional = false
python-versions = ">=3.5"
files = [
    {file = "mypy_extensions-1.0.0-py3-none-any.whl", hash = "sha256:4392f6c0eb8a5668a69e23d168ffa70f0be9ccfd32b5cc2d26a34ae5b844552d"},
    {file = "mypy_extensions-1.0.0.tar.gz", hash = "sha256:75dbf8955dc00442a438fc4d0666508a9a97b6bd41aa2f0ffe9d2f2725af0782"},
]

[[package]]
name = "mypy-protobuf"
version = "3.5.0"
description = "Generate mypy stub files from protobuf specs"
optional = false
python-versions = ">=3.8"
files = [
    {file = "mypy-protobuf-3.5.0.tar.gz", hash = "sha256:21f270da0a9792a9dac76b0df463c027e561664ab6973c59be4e4d064dfe67dc"},
    {file = "mypy_protobuf-3.5.0-py3-none-any.whl", hash = "sha256:0d0548c6b9a6faf14ce1a9ce2831c403a5c1f2a9363e85b1e2c51d5d57aa8393"},
]

[package.dependencies]
protobuf = ">=4.23.4"
types-protobuf = ">=4.23.0.2"

[[package]]
name = "packaging"
version = "23.2"
description = "Core utilities for Python packages"
optional = false
python-versions = ">=3.7"
files = [
    {file = "packaging-23.2-py3-none-any.whl", hash = "sha256:8c491190033a9af7e1d931d0b5dacc2ef47509b34dd0de67ed209b5203fc88c7"},
    {file = "packaging-23.2.tar.gz", hash = "sha256:048fb0e9405036518eaaf48a55953c750c11e1a1b68e0dd1a9d62ed0c092cfc5"},
]

[[package]]
name = "pluggy"
version = "1.3.0"
description = "plugin and hook calling mechanisms for python"
optional = false
python-versions = ">=3.8"
files = [
    {file = "pluggy-1.3.0-py3-none-any.whl", hash = "sha256:d89c696a773f8bd377d18e5ecda92b7a3793cbe66c87060a6fb58c7b6e1061f7"},
    {file = "pluggy-1.3.0.tar.gz", hash = "sha256:cf61ae8f126ac6f7c451172cf30e3e43d3ca77615509771b3a984a0730651e12"},
]

[package.extras]
dev = ["pre-commit", "tox"]
testing = ["pytest", "pytest-benchmark"]

[[package]]
name = "protobuf"
version = "4.25.1"
description = ""
optional = false
python-versions = ">=3.8"
files = [
    {file = "protobuf-4.25.1-cp310-abi3-win32.whl", hash = "sha256:193f50a6ab78a970c9b4f148e7c750cfde64f59815e86f686c22e26b4fe01ce7"},
    {file = "protobuf-4.25.1-cp310-abi3-win_amd64.whl", hash = "sha256:3497c1af9f2526962f09329fd61a36566305e6c72da2590ae0d7d1322818843b"},
    {file = "protobuf-4.25.1-cp37-abi3-macosx_10_9_universal2.whl", hash = "sha256:0bf384e75b92c42830c0a679b0cd4d6e2b36ae0cf3dbb1e1dfdda48a244f4bcd"},
    {file = "protobuf-4.25.1-cp37-abi3-manylinux2014_aarch64.whl", hash = "sha256:0f881b589ff449bf0b931a711926e9ddaad3b35089cc039ce1af50b21a4ae8cb"},
    {file = "protobuf-4.25.1-cp37-abi3-manylinux2014_x86_64.whl", hash = "sha256:ca37bf6a6d0046272c152eea90d2e4ef34593aaa32e8873fc14c16440f22d4b7"},
    {file = "protobuf-4.25.1-cp38-cp38-win32.whl", hash = "sha256:abc0525ae2689a8000837729eef7883b9391cd6aa7950249dcf5a4ede230d5dd"},
    {file = "protobuf-4.25.1-cp38-cp38-win_amd64.whl", hash = "sha256:1484f9e692091450e7edf418c939e15bfc8fc68856e36ce399aed6889dae8bb0"},
    {file = "protobuf-4.25.1-cp39-cp39-win32.whl", hash = "sha256:8bdbeaddaac52d15c6dce38c71b03038ef7772b977847eb6d374fc86636fa510"},
    {file = "protobuf-4.25.1-cp39-cp39-win_amd64.whl", hash = "sha256:becc576b7e6b553d22cbdf418686ee4daa443d7217999125c045ad56322dda10"},
    {file = "protobuf-4.25.1-py3-none-any.whl", hash = "sha256:a19731d5e83ae4737bb2a089605e636077ac001d18781b3cf489b9546c7c80d6"},
    {file = "protobuf-4.25.1.tar.gz", hash = "sha256:57d65074b4f5baa4ab5da1605c02be90ac20c8b40fb137d6a8df9f416b0d0ce2"},
]

[[package]]
name = "pytest"
version = "7.4.3"
description = "pytest: simple powerful testing with Python"
optional = false
python-versions = ">=3.7"
files = [
    {file = "pytest-7.4.3-py3-none-any.whl", hash = "sha256:0d009c083ea859a71b76adf7c1d502e4bc170b80a8ef002da5806527b9591fac"},
    {file = "pytest-7.4.3.tar.gz", hash = "sha256:d989d136982de4e3b29dabcc838ad581c64e8ed52c11fbe86ddebd9da0818cd5"},
]

[package.dependencies]
colorama = {version = "*", markers = "sys_platform == \"win32\""}
exceptiongroup = {version = ">=1.0.0rc8", markers = "python_version < \"3.11\""}
iniconfig = "*"
packaging = "*"
pluggy = ">=0.12,<2.0"
tomli = {version = ">=1.0.0", markers = "python_version < \"3.11\""}

[package.extras]
testing = ["argcomplete", "attrs (>=19.2.0)", "hypothesis (>=3.56)", "mock", "nose", "pygments (>=2.7.2)", "requests", "setuptools", "xmlschema"]

[[package]]
name = "pytest-randomly"
version = "3.15.0"
description = "Pytest plugin to randomly order tests and control random.seed."
optional = false
python-versions = ">=3.8"
files = [
    {file = "pytest_randomly-3.15.0-py3-none-any.whl", hash = "sha256:0516f4344b29f4e9cdae8bce31c4aeebf59d0b9ef05927c33354ff3859eeeca6"},
    {file = "pytest_randomly-3.15.0.tar.gz", hash = "sha256:b908529648667ba5e54723088edd6f82252f540cc340d748d1fa985539687047"},
]

[package.dependencies]
importlib-metadata = {version = ">=3.6.0", markers = "python_version < \"3.10\""}
pytest = "*"

[[package]]
name = "ruff"
version = "0.1.7"
description = "An extremely fast Python linter and code formatter, written in Rust."
optional = false
python-versions = ">=3.7"
files = [
    {file = "ruff-0.1.7-py3-none-macosx_10_12_x86_64.macosx_11_0_arm64.macosx_10_12_universal2.whl", hash = "sha256:7f80496854fdc65b6659c271d2c26e90d4d401e6a4a31908e7e334fab4645aac"},
    {file = "ruff-0.1.7-py3-none-macosx_10_12_x86_64.whl", hash = "sha256:1ea109bdb23c2a4413f397ebd8ac32cb498bee234d4191ae1a310af760e5d287"},
    {file = "ruff-0.1.7-py3-none-manylinux_2_17_aarch64.manylinux2014_aarch64.whl", hash = "sha256:8b0c2de9dd9daf5e07624c24add25c3a490dbf74b0e9bca4145c632457b3b42a"},
    {file = "ruff-0.1.7-py3-none-manylinux_2_17_armv7l.manylinux2014_armv7l.whl", hash = "sha256:69a4bed13bc1d5dabf3902522b5a2aadfebe28226c6269694283c3b0cecb45fd"},
    {file = "ruff-0.1.7-py3-none-manylinux_2_17_i686.manylinux2014_i686.whl", hash = "sha256:de02ca331f2143195a712983a57137c5ec0f10acc4aa81f7c1f86519e52b92a1"},
    {file = "ruff-0.1.7-py3-none-manylinux_2_17_ppc64.manylinux2014_ppc64.whl", hash = "sha256:45b38c3f8788a65e6a2cab02e0f7adfa88872696839d9882c13b7e2f35d64c5f"},
    {file = "ruff-0.1.7-py3-none-manylinux_2_17_ppc64le.manylinux2014_ppc64le.whl", hash = "sha256:6c64cb67b2025b1ac6d58e5ffca8f7b3f7fd921f35e78198411237e4f0db8e73"},
    {file = "ruff-0.1.7-py3-none-manylinux_2_17_s390x.manylinux2014_s390x.whl", hash = "sha256:9dcc6bb2f4df59cb5b4b40ff14be7d57012179d69c6565c1da0d1f013d29951b"},
    {file = "ruff-0.1.7-py3-none-manylinux_2_17_x86_64.manylinux2014_x86_64.whl", hash = "sha256:df2bb4bb6bbe921f6b4f5b6fdd8d8468c940731cb9406f274ae8c5ed7a78c478"},
    {file = "ruff-0.1.7-py3-none-musllinux_1_2_aarch64.whl", hash = "sha256:276a89bcb149b3d8c1b11d91aa81898fe698900ed553a08129b38d9d6570e717"},
    {file = "ruff-0.1.7-py3-none-musllinux_1_2_armv7l.whl", hash = "sha256:90c958fe950735041f1c80d21b42184f1072cc3975d05e736e8d66fc377119ea"},
    {file = "ruff-0.1.7-py3-none-musllinux_1_2_i686.whl", hash = "sha256:6b05e3b123f93bb4146a761b7a7d57af8cb7384ccb2502d29d736eaade0db519"},
    {file = "ruff-0.1.7-py3-none-musllinux_1_2_x86_64.whl", hash = "sha256:290ecab680dce94affebefe0bbca2322a6277e83d4f29234627e0f8f6b4fa9ce"},
    {file = "ruff-0.1.7-py3-none-win32.whl", hash = "sha256:416dfd0bd45d1a2baa3b1b07b1b9758e7d993c256d3e51dc6e03a5e7901c7d80"},
    {file = "ruff-0.1.7-py3-none-win_amd64.whl", hash = "sha256:4af95fd1d3b001fc41325064336db36e3d27d2004cdb6d21fd617d45a172dd96"},
    {file = "ruff-0.1.7-py3-none-win_arm64.whl", hash = "sha256:0683b7bfbb95e6df3c7c04fe9d78f631f8e8ba4868dfc932d43d690698057e2e"},
    {file = "ruff-0.1.7.tar.gz", hash = "sha256:dffd699d07abf54833e5f6cc50b85a6ff043715da8788c4a79bcd4ab4734d306"},
]

[[package]]
name = "setuptools"
version = "69.0.2"
description = "Easily download, build, install, upgrade, and uninstall Python packages"
optional = true
python-versions = ">=3.8"
files = [
    {file = "setuptools-69.0.2-py3-none-any.whl", hash = "sha256:1e8fdff6797d3865f37397be788a4e3cba233608e9b509382a2777d25ebde7f2"},
    {file = "setuptools-69.0.2.tar.gz", hash = "sha256:735896e78a4742605974de002ac60562d286fa8051a7e2299445e8e8fbb01aa6"},
]

[package.extras]
docs = ["furo", "jaraco.packaging (>=9.3)", "jaraco.tidelift (>=1.4)", "pygments-github-lexers (==0.0.5)", "rst.linker (>=1.9)", "sphinx (<7.2.5)", "sphinx (>=3.5)", "sphinx-favicon", "sphinx-inline-tabs", "sphinx-lint", "sphinx-notfound-page (>=1,<2)", "sphinx-reredirects", "sphinxcontrib-towncrier"]
testing = ["build[virtualenv]", "filelock (>=3.4.0)", "flake8-2020", "ini2toml[lite] (>=0.9)", "jaraco.develop (>=7.21)", "jaraco.envs (>=2.2)", "jaraco.path (>=3.2.0)", "pip (>=19.1)", "pytest (>=6)", "pytest-black (>=0.3.7)", "pytest-checkdocs (>=2.4)", "pytest-cov", "pytest-enabler (>=2.2)", "pytest-mypy (>=0.9.1)", "pytest-perf", "pytest-ruff", "pytest-timeout", "pytest-xdist", "tomli-w (>=1.0.0)", "virtualenv (>=13.0.0)", "wheel"]
testing-integration = ["build[virtualenv] (>=1.0.3)", "filelock (>=3.4.0)", "jaraco.envs (>=2.2)", "jaraco.path (>=3.2.0)", "packaging (>=23.1)", "pytest", "pytest-enabler", "pytest-xdist", "tomli", "virtualenv (>=13.0.0)", "wheel"]

[[package]]
name = "six"
version = "1.16.0"
description = "Python 2 and 3 compatibility utilities"
optional = false
python-versions = ">=2.7, !=3.0.*, !=3.1.*, !=3.2.*"
files = [
    {file = "six-1.16.0-py2.py3-none-any.whl", hash = "sha256:8abb2f1d86890a2dfb989f9a77cfcfd3e47c2a354b01111771326f8aa26e0254"},
    {file = "six-1.16.0.tar.gz", hash = "sha256:1e61c37477a1626458e36f7b1d82aa5c9b094fa4802892072e49de9c60c4c926"},
]

[[package]]
name = "tomli"
version = "2.0.1"
description = "A lil' TOML parser"
optional = false
python-versions = ">=3.7"
files = [
    {file = "tomli-2.0.1-py3-none-any.whl", hash = "sha256:939de3e7a6161af0c887ef91b7d41a53e7c5a1ca976325f429cb46ea9bc30ecc"},
    {file = "tomli-2.0.1.tar.gz", hash = "sha256:de526c12914f0c550d15924c62d72abc48d6fe7364aa87328337a31007fe8a4f"},
]

[[package]]
name = "types-protobuf"
version = "4.24.0.4"
description = "Typing stubs for protobuf"
optional = false
python-versions = ">=3.7"
files = [
    {file = "types-protobuf-4.24.0.4.tar.gz", hash = "sha256:57ab42cb171dfdba2c74bb5b50c250478538cc3c5ed95b8b368929ad0c9f90a5"},
    {file = "types_protobuf-4.24.0.4-py3-none-any.whl", hash = "sha256:131ab7d0cbc9e444bc89c994141327dcce7bcaeded72b1acb72a94827eb9c7af"},
]

[[package]]
name = "typing-extensions"
version = "4.9.0"
description = "Backported and Experimental Type Hints for Python 3.8+"
optional = false
python-versions = ">=3.8"
files = [
    {file = "typing_extensions-4.9.0-py3-none-any.whl", hash = "sha256:af72aea155e91adfc61c3ae9e0e342dbc0cba726d6cba4b6c72c1f34e47291cd"},
    {file = "typing_extensions-4.9.0.tar.gz", hash = "sha256:23478f88c37f27d76ac8aee6c905017a143b0b1b886c3c9f66bc2fd94f9f5783"},
]

[[package]]
name = "wheel"
version = "0.42.0"
description = "A built-package format for Python"
optional = false
python-versions = ">=3.7"
files = [
    {file = "wheel-0.42.0-py3-none-any.whl", hash = "sha256:177f9c9b0d45c47873b619f5b650346d632cdc35fb5e4d25058e09c9e581433d"},
    {file = "wheel-0.42.0.tar.gz", hash = "sha256:c45be39f7882c9d34243236f2d63cbd58039e360f85d0913425fbd7ceea617a8"},
]

[package.extras]
test = ["pytest (>=6.0.0)", "setuptools (>=65)"]

[[package]]
name = "zipp"
version = "3.17.0"
description = "Backport of pathlib-compatible object wrapper for zip files"
optional = false
python-versions = ">=3.8"
files = [
    {file = "zipp-3.17.0-py3-none-any.whl", hash = "sha256:0e923e726174922dce09c53c59ad483ff7bbb8e572e00c7f7c46b88556409f31"},
    {file = "zipp-3.17.0.tar.gz", hash = "sha256:84e64a1c28cf7e91ed2078bb8cc8c259cb19b76942096c8d7b84947690cabaf0"},
]

[package.extras]
docs = ["furo", "jaraco.packaging (>=9.3)", "jaraco.tidelift (>=1.4)", "rst.linker (>=1.9)", "sphinx (<7.2.5)", "sphinx (>=3.5)", "sphinx-lint"]
testing = ["big-O", "jaraco.functools", "jaraco.itertools", "more-itertools", "pytest (>=6)", "pytest-black (>=0.3.7)", "pytest-checkdocs (>=2.4)", "pytest-cov", "pytest-enabler (>=2.2)", "pytest-ignore-flaky", "pytest-mypy (>=0.9.1)", "pytest-ruff"]

[extras]
grpcio-tools = ["grpcio-tools"]

[metadata]
lock-version = "2.0"
python-versions = "^3.8"
content-hash = "785d90be26849a6a9cdf92ad563c0d35c3caf696763eab79af9d9a8ce968ad7f"
