# This file is automatically @generated by Poetry 1.4.2 and should not be changed by hand.

[[package]]
name = "astunparse"
version = "1.6.3"
description = "An AST unparser for Python"
category = "main"
optional = false
python-versions = "*"
files = [
    {file = "astunparse-1.6.3-py2.py3-none-any.whl", hash = "sha256:c2652417f2c8b5bb325c885ae329bdf3f86424075c4fd1a128674bc6fba4b8e8"},
    {file = "astunparse-1.6.3.tar.gz", hash = "sha256:5ad93a8456f0d084c3456d059fd9a92cce667963232cbf763eac3bc5b7940872"},
]

[package.dependencies]
six = ">=1.6.1,<2.0"
wheel = ">=0.23.0,<1.0"

[[package]]
name = "black"
version = "23.7.0"
description = "The uncompromising code formatter."
category = "dev"
optional = false
python-versions = ">=3.8"
files = [
    {file = "black-23.7.0-cp310-cp310-macosx_10_16_arm64.whl", hash = "sha256:5c4bc552ab52f6c1c506ccae05681fab58c3f72d59ae6e6639e8885e94fe2587"},
    {file = "black-23.7.0-cp310-cp310-macosx_10_16_universal2.whl", hash = "sha256:552513d5cd5694590d7ef6f46e1767a4df9af168d449ff767b13b084c020e63f"},
    {file = "black-23.7.0-cp310-cp310-macosx_10_16_x86_64.whl", hash = "sha256:86cee259349b4448adb4ef9b204bb4467aae74a386bce85d56ba4f5dc0da27be"},
    {file = "black-23.7.0-cp310-cp310-manylinux_2_17_x86_64.manylinux2014_x86_64.whl", hash = "sha256:501387a9edcb75d7ae8a4412bb8749900386eaef258f1aefab18adddea1936bc"},
    {file = "black-23.7.0-cp310-cp310-win_amd64.whl", hash = "sha256:fb074d8b213749fa1d077d630db0d5f8cc3b2ae63587ad4116e8a436e9bbe995"},
    {file = "black-23.7.0-cp311-cp311-macosx_10_16_arm64.whl", hash = "sha256:b5b0ee6d96b345a8b420100b7d71ebfdd19fab5e8301aff48ec270042cd40ac2"},
    {file = "black-23.7.0-cp311-cp311-macosx_10_16_universal2.whl", hash = "sha256:893695a76b140881531062d48476ebe4a48f5d1e9388177e175d76234ca247cd"},
    {file = "black-23.7.0-cp311-cp311-macosx_10_16_x86_64.whl", hash = "sha256:c333286dc3ddca6fdff74670b911cccedacb4ef0a60b34e491b8a67c833b343a"},
    {file = "black-23.7.0-cp311-cp311-manylinux_2_17_x86_64.manylinux2014_x86_64.whl", hash = "sha256:831d8f54c3a8c8cf55f64d0422ee875eecac26f5f649fb6c1df65316b67c8926"},
    {file = "black-23.7.0-cp311-cp311-win_amd64.whl", hash = "sha256:7f3bf2dec7d541b4619b8ce526bda74a6b0bffc480a163fed32eb8b3c9aed8ad"},
    {file = "black-23.7.0-cp38-cp38-macosx_10_16_arm64.whl", hash = "sha256:f9062af71c59c004cd519e2fb8f5d25d39e46d3af011b41ab43b9c74e27e236f"},
    {file = "black-23.7.0-cp38-cp38-macosx_10_16_universal2.whl", hash = "sha256:01ede61aac8c154b55f35301fac3e730baf0c9cf8120f65a9cd61a81cfb4a0c3"},
    {file = "black-23.7.0-cp38-cp38-macosx_10_16_x86_64.whl", hash = "sha256:327a8c2550ddc573b51e2c352adb88143464bb9d92c10416feb86b0f5aee5ff6"},
    {file = "black-23.7.0-cp38-cp38-manylinux_2_17_x86_64.manylinux2014_x86_64.whl", hash = "sha256:6d1c6022b86f83b632d06f2b02774134def5d4d4f1dac8bef16d90cda18ba28a"},
    {file = "black-23.7.0-cp38-cp38-win_amd64.whl", hash = "sha256:27eb7a0c71604d5de083757fbdb245b1a4fae60e9596514c6ec497eb63f95320"},
    {file = "black-23.7.0-cp39-cp39-macosx_10_16_arm64.whl", hash = "sha256:8417dbd2f57b5701492cd46edcecc4f9208dc75529bcf76c514864e48da867d9"},
    {file = "black-23.7.0-cp39-cp39-macosx_10_16_universal2.whl", hash = "sha256:47e56d83aad53ca140da0af87678fb38e44fd6bc0af71eebab2d1f59b1acf1d3"},
    {file = "black-23.7.0-cp39-cp39-macosx_10_16_x86_64.whl", hash = "sha256:25cc308838fe71f7065df53aedd20327969d05671bac95b38fdf37ebe70ac087"},
    {file = "black-23.7.0-cp39-cp39-manylinux_2_17_x86_64.manylinux2014_x86_64.whl", hash = "sha256:642496b675095d423f9b8448243336f8ec71c9d4d57ec17bf795b67f08132a91"},
    {file = "black-23.7.0-cp39-cp39-win_amd64.whl", hash = "sha256:ad0014efc7acf0bd745792bd0d8857413652979200ab924fbf239062adc12491"},
    {file = "black-23.7.0-py3-none-any.whl", hash = "sha256:9fd59d418c60c0348505f2ddf9609c1e1de8e7493eab96198fc89d9f865e7a96"},
    {file = "black-23.7.0.tar.gz", hash = "sha256:022a582720b0d9480ed82576c920a8c1dde97cc38ff11d8d8859b3bd6ca9eedb"},
]

[package.dependencies]
click = ">=8.0.0"
mypy-extensions = ">=0.4.3"
packaging = ">=22.0"
pathspec = ">=0.9.0"
platformdirs = ">=2"
tomli = {version = ">=1.1.0", markers = "python_version < \"3.11\""}
typing-extensions = {version = ">=3.10.0.0", markers = "python_version < \"3.10\""}

[package.extras]
colorama = ["colorama (>=0.4.3)"]
d = ["aiohttp (>=3.7.4)"]
jupyter = ["ipython (>=7.8.0)", "tokenize-rt (>=3.2.0)"]
uvloop = ["uvloop (>=0.15.2)"]

[[package]]
name = "click"
version = "8.1.7"
description = "Composable command line interface toolkit"
category = "main"
optional = false
python-versions = ">=3.7"
files = [
    {file = "click-8.1.7-py3-none-any.whl", hash = "sha256:ae74fb96c20a0277a1d615f1e4d73c8414f5a98db8b799a7931d1582f3390c28"},
    {file = "click-8.1.7.tar.gz", hash = "sha256:ca9853ad459e787e2192211578cc907e7594e294c7ccc834310722b41b9ca6de"},
]

[package.dependencies]
colorama = {version = "*", markers = "platform_system == \"Windows\""}

[[package]]
name = "colorama"
version = "0.4.6"
description = "Cross-platform colored terminal text."
category = "main"
optional = false
python-versions = "!=3.0.*,!=3.1.*,!=3.2.*,!=3.3.*,!=3.4.*,!=3.5.*,!=3.6.*,>=2.7"
files = [
    {file = "colorama-0.4.6-py2.py3-none-any.whl", hash = "sha256:4f1d9991f5acc0ca119f9d443620b77f9d6b33703e51011c16baf57afb285fc6"},
    {file = "colorama-0.4.6.tar.gz", hash = "sha256:08695f5cb7ed6e0531a20572697297273c47b8cae5a63ffc6d6ed5c201be6e44"},
]

[[package]]
name = "exceptiongroup"
version = "1.1.3"
description = "Backport of PEP 654 (exception groups)"
category = "dev"
optional = false
python-versions = ">=3.7"
files = [
    {file = "exceptiongroup-1.1.3-py3-none-any.whl", hash = "sha256:343280667a4585d195ca1cf9cef84a4e178c4b6cf2274caef9859782b567d5e3"},
    {file = "exceptiongroup-1.1.3.tar.gz", hash = "sha256:097acd85d473d75af5bb98e41b61ff7fe35efe6675e4f9370ec6ec5126d160e9"},
]

[package.extras]
test = ["pytest (>=6)"]

[[package]]
name = "grpc-stubs"
version = "1.53.0.5"
description = "Mypy stubs for gRPC"
category = "dev"
optional = false
python-versions = ">=3.6"
files = [
    {file = "grpc-stubs-1.53.0.5.tar.gz", hash = "sha256:3e1b642775cbc3e0c6332cfcedfccb022176db87e518757bef3a1241397be406"},
    {file = "grpc_stubs-1.53.0.5-py3-none-any.whl", hash = "sha256:04183fb65a1b166a1febb9627e3d9647d3926ccc2dfe049fe7b6af243428dbe1"},
]

[package.dependencies]
grpcio = "*"

[[package]]
name = "grpcio"
version = "1.57.0"
description = "HTTP/2-based RPC framework"
category = "main"
optional = false
python-versions = ">=3.7"
files = [
    {file = "grpcio-1.57.0-cp310-cp310-linux_armv7l.whl", hash = "sha256:092fa155b945015754bdf988be47793c377b52b88d546e45c6a9f9579ac7f7b6"},
    {file = "grpcio-1.57.0-cp310-cp310-macosx_12_0_universal2.whl", hash = "sha256:2f7349786da979a94690cc5c2b804cab4e8774a3cf59be40d037c4342c906649"},
    {file = "grpcio-1.57.0-cp310-cp310-manylinux_2_17_aarch64.whl", hash = "sha256:82640e57fb86ea1d71ea9ab54f7e942502cf98a429a200b2e743d8672171734f"},
    {file = "grpcio-1.57.0-cp310-cp310-manylinux_2_17_i686.manylinux2014_i686.whl", hash = "sha256:40b72effd4c789de94ce1be2b5f88d7b9b5f7379fe9645f198854112a6567d9a"},
    {file = "grpcio-1.57.0-cp310-cp310-manylinux_2_17_x86_64.manylinux2014_x86_64.whl", hash = "sha256:2f708a6a17868ad8bf586598bee69abded4996b18adf26fd2d91191383b79019"},
    {file = "grpcio-1.57.0-cp310-cp310-musllinux_1_1_i686.whl", hash = "sha256:60fe15288a0a65d5c1cb5b4a62b1850d07336e3ba728257a810317be14f0c527"},
    {file = "grpcio-1.57.0-cp310-cp310-musllinux_1_1_x86_64.whl", hash = "sha256:6907b1cf8bb29b058081d2aad677b15757a44ef2d4d8d9130271d2ad5e33efca"},
    {file = "grpcio-1.57.0-cp310-cp310-win32.whl", hash = "sha256:57b183e8b252825c4dd29114d6c13559be95387aafc10a7be645462a0fc98bbb"},
    {file = "grpcio-1.57.0-cp310-cp310-win_amd64.whl", hash = "sha256:7b400807fa749a9eb286e2cd893e501b110b4d356a218426cb9c825a0474ca56"},
    {file = "grpcio-1.57.0-cp311-cp311-linux_armv7l.whl", hash = "sha256:c6ebecfb7a31385393203eb04ed8b6a08f5002f53df3d59e5e795edb80999652"},
    {file = "grpcio-1.57.0-cp311-cp311-macosx_10_10_universal2.whl", hash = "sha256:00258cbe3f5188629828363ae8ff78477ce976a6f63fb2bb5e90088396faa82e"},
    {file = "grpcio-1.57.0-cp311-cp311-manylinux_2_17_aarch64.whl", hash = "sha256:23e7d8849a0e58b806253fd206ac105b328171e01b8f18c7d5922274958cc87e"},
    {file = "grpcio-1.57.0-cp311-cp311-manylinux_2_17_i686.manylinux2014_i686.whl", hash = "sha256:5371bcd861e679d63b8274f73ac281751d34bd54eccdbfcd6aa00e692a82cd7b"},
    {file = "grpcio-1.57.0-cp311-cp311-manylinux_2_17_x86_64.manylinux2014_x86_64.whl", hash = "sha256:aed90d93b731929e742967e236f842a4a2174dc5db077c8f9ad2c5996f89f63e"},
    {file = "grpcio-1.57.0-cp311-cp311-musllinux_1_1_i686.whl", hash = "sha256:fe752639919aad9ffb0dee0d87f29a6467d1ef764f13c4644d212a9a853a078d"},
    {file = "grpcio-1.57.0-cp311-cp311-musllinux_1_1_x86_64.whl", hash = "sha256:fada6b07ec4f0befe05218181f4b85176f11d531911b64c715d1875c4736d73a"},
    {file = "grpcio-1.57.0-cp311-cp311-win32.whl", hash = "sha256:bb396952cfa7ad2f01061fbc7dc1ad91dd9d69243bcb8110cf4e36924785a0fe"},
    {file = "grpcio-1.57.0-cp311-cp311-win_amd64.whl", hash = "sha256:e503cb45ed12b924b5b988ba9576dc9949b2f5283b8e33b21dcb6be74a7c58d0"},
    {file = "grpcio-1.57.0-cp37-cp37m-linux_armv7l.whl", hash = "sha256:fd173b4cf02b20f60860dc2ffe30115c18972d7d6d2d69df97ac38dee03be5bf"},
    {file = "grpcio-1.57.0-cp37-cp37m-macosx_10_10_universal2.whl", hash = "sha256:d7f8df114d6b4cf5a916b98389aeaf1e3132035420a88beea4e3d977e5f267a5"},
    {file = "grpcio-1.57.0-cp37-cp37m-manylinux_2_17_aarch64.whl", hash = "sha256:76c44efa4ede1f42a9d5b2fed1fe9377e73a109bef8675fb0728eb80b0b8e8f2"},
    {file = "grpcio-1.57.0-cp37-cp37m-manylinux_2_17_i686.manylinux2014_i686.whl", hash = "sha256:4faea2cfdf762a664ab90589b66f416274887641ae17817de510b8178356bf73"},
    {file = "grpcio-1.57.0-cp37-cp37m-manylinux_2_17_x86_64.manylinux2014_x86_64.whl", hash = "sha256:c60b83c43faeb6d0a9831f0351d7787a0753f5087cc6fa218d78fdf38e5acef0"},
    {file = "grpcio-1.57.0-cp37-cp37m-musllinux_1_1_i686.whl", hash = "sha256:b363bbb5253e5f9c23d8a0a034dfdf1b7c9e7f12e602fc788c435171e96daccc"},
    {file = "grpcio-1.57.0-cp37-cp37m-musllinux_1_1_x86_64.whl", hash = "sha256:f1fb0fd4a1e9b11ac21c30c169d169ef434c6e9344ee0ab27cfa6f605f6387b2"},
    {file = "grpcio-1.57.0-cp37-cp37m-win_amd64.whl", hash = "sha256:34950353539e7d93f61c6796a007c705d663f3be41166358e3d88c45760c7d98"},
    {file = "grpcio-1.57.0-cp38-cp38-linux_armv7l.whl", hash = "sha256:871f9999e0211f9551f368612460442a5436d9444606184652117d6a688c9f51"},
    {file = "grpcio-1.57.0-cp38-cp38-macosx_10_10_universal2.whl", hash = "sha256:a8a8e560e8dbbdf29288872e91efd22af71e88b0e5736b0daf7773c1fecd99f0"},
    {file = "grpcio-1.57.0-cp38-cp38-manylinux_2_17_aarch64.whl", hash = "sha256:2313b124e475aa9017a9844bdc5eafb2d5abdda9d456af16fc4535408c7d6da6"},
    {file = "grpcio-1.57.0-cp38-cp38-manylinux_2_17_i686.manylinux2014_i686.whl", hash = "sha256:b4098b6b638d9e0ca839a81656a2fd4bc26c9486ea707e8b1437d6f9d61c3941"},
    {file = "grpcio-1.57.0-cp38-cp38-manylinux_2_17_x86_64.manylinux2014_x86_64.whl", hash = "sha256:5e5b58e32ae14658085c16986d11e99abd002ddbf51c8daae8a0671fffb3467f"},
    {file = "grpcio-1.57.0-cp38-cp38-musllinux_1_1_i686.whl", hash = "sha256:0f80bf37f09e1caba6a8063e56e2b87fa335add314cf2b78ebf7cb45aa7e3d06"},
    {file = "grpcio-1.57.0-cp38-cp38-musllinux_1_1_x86_64.whl", hash = "sha256:5b7a4ce8f862fe32b2a10b57752cf3169f5fe2915acfe7e6a1e155db3da99e79"},
    {file = "grpcio-1.57.0-cp38-cp38-win32.whl", hash = "sha256:9338bacf172e942e62e5889b6364e56657fbf8ac68062e8b25c48843e7b202bb"},
    {file = "grpcio-1.57.0-cp38-cp38-win_amd64.whl", hash = "sha256:e1cb52fa2d67d7f7fab310b600f22ce1ff04d562d46e9e0ac3e3403c2bb4cc16"},
    {file = "grpcio-1.57.0-cp39-cp39-linux_armv7l.whl", hash = "sha256:fee387d2fab144e8a34e0e9c5ca0f45c9376b99de45628265cfa9886b1dbe62b"},
    {file = "grpcio-1.57.0-cp39-cp39-macosx_10_10_universal2.whl", hash = "sha256:b53333627283e7241fcc217323f225c37783b5f0472316edcaa4479a213abfa6"},
    {file = "grpcio-1.57.0-cp39-cp39-manylinux_2_17_aarch64.whl", hash = "sha256:f19ac6ac0a256cf77d3cc926ef0b4e64a9725cc612f97228cd5dc4bd9dbab03b"},
    {file = "grpcio-1.57.0-cp39-cp39-manylinux_2_17_i686.manylinux2014_i686.whl", hash = "sha256:e3fdf04e402f12e1de8074458549337febb3b45f21076cc02ef4ff786aff687e"},
    {file = "grpcio-1.57.0-cp39-cp39-manylinux_2_17_x86_64.manylinux2014_x86_64.whl", hash = "sha256:5613a2fecc82f95d6c51d15b9a72705553aa0d7c932fad7aed7afb51dc982ee5"},
    {file = "grpcio-1.57.0-cp39-cp39-musllinux_1_1_i686.whl", hash = "sha256:b670c2faa92124b7397b42303e4d8eb64a4cd0b7a77e35a9e865a55d61c57ef9"},
    {file = "grpcio-1.57.0-cp39-cp39-musllinux_1_1_x86_64.whl", hash = "sha256:7a635589201b18510ff988161b7b573f50c6a48fae9cb567657920ca82022b37"},
    {file = "grpcio-1.57.0-cp39-cp39-win32.whl", hash = "sha256:d78d8b86fcdfa1e4c21f8896614b6cc7ee01a2a758ec0c4382d662f2a62cf766"},
    {file = "grpcio-1.57.0-cp39-cp39-win_amd64.whl", hash = "sha256:20ec6fc4ad47d1b6e12deec5045ec3cd5402d9a1597f738263e98f490fe07056"},
    {file = "grpcio-1.57.0.tar.gz", hash = "sha256:4b089f7ad1eb00a104078bab8015b0ed0ebcb3b589e527ab009c53893fd4e613"},
]

[package.extras]
protobuf = ["grpcio-tools (>=1.57.0)"]

[[package]]
name = "grpcio-tools"
version = "1.57.0"
description = "Protobuf code generator for gRPC"
category = "main"
optional = true
python-versions = ">=3.7"
files = [
    {file = "grpcio-tools-1.57.0.tar.gz", hash = "sha256:2f16130d869ce27ecd623194547b649dd657333ec7e8644cc571c645781a9b85"},
    {file = "grpcio_tools-1.57.0-cp310-cp310-linux_armv7l.whl", hash = "sha256:4fb8a8468031f858381a576078924af364a08833d8f8f3237018252c4573a802"},
    {file = "grpcio_tools-1.57.0-cp310-cp310-macosx_12_0_universal2.whl", hash = "sha256:35bf0dad8a3562043345236c26d0053a856fb06c04d7da652f2ded914e508ae7"},
    {file = "grpcio_tools-1.57.0-cp310-cp310-manylinux_2_17_aarch64.whl", hash = "sha256:ec9aab2fb6783c7fc54bc28f58eb75f1ca77594e6b0fd5e5e7a8114a95169fe0"},
    {file = "grpcio_tools-1.57.0-cp310-cp310-manylinux_2_17_i686.manylinux2014_i686.whl", hash = "sha256:0cf5fc0a1c23f8ea34b408b72fb0e90eec0f404ad4dba98e8f6da3c9ce34e2ed"},
    {file = "grpcio_tools-1.57.0-cp310-cp310-manylinux_2_17_x86_64.manylinux2014_x86_64.whl", hash = "sha256:26e69d08a515554e0cfe1ec4d31568836f4b17f0ff82294f957f629388629eb9"},
    {file = "grpcio_tools-1.57.0-cp310-cp310-musllinux_1_1_i686.whl", hash = "sha256:c39a3656576b6fdaaf28abe0467f7a7231df4230c1bee132322dbc3209419e7f"},
    {file = "grpcio_tools-1.57.0-cp310-cp310-musllinux_1_1_x86_64.whl", hash = "sha256:f64f8ab22d27d4a5693310748d35a696061c3b5c7b8c4fb4ab3b4bc1068b6b56"},
    {file = "grpcio_tools-1.57.0-cp310-cp310-win32.whl", hash = "sha256:d2a134756f4db34759a5cc7f7e43f7eb87540b68d1cca62925593c6fb93924f7"},
    {file = "grpcio_tools-1.57.0-cp310-cp310-win_amd64.whl", hash = "sha256:9a3d60fb8d46ede26c1907c146561b3a9caa20a7aff961bc661ef8226f85a2e9"},
    {file = "grpcio_tools-1.57.0-cp311-cp311-linux_armv7l.whl", hash = "sha256:aac98ecad8f7bd4301855669d42a5d97ef7bb34bec2b1e74c7a0641d47e313cf"},
    {file = "grpcio_tools-1.57.0-cp311-cp311-macosx_10_10_universal2.whl", hash = "sha256:cdd020cb68b51462983b7c2dfbc3eb6ede032b8bf438d4554df0c3f08ce35c76"},
    {file = "grpcio_tools-1.57.0-cp311-cp311-manylinux_2_17_aarch64.whl", hash = "sha256:f54081b08419a39221cd646363b5708857c696b3ad4784f1dcf310891e33a5f7"},
    {file = "grpcio_tools-1.57.0-cp311-cp311-manylinux_2_17_i686.manylinux2014_i686.whl", hash = "sha256:ed85a0291fff45b67f2557fe7f117d3bc7af8b54b8619d27bf374b5c8b7e3ca2"},
    {file = "grpcio_tools-1.57.0-cp311-cp311-manylinux_2_17_x86_64.manylinux2014_x86_64.whl", hash = "sha256:e868cd6feb3ef07d4b35be104fe1fd0657db05259ff8f8ec5e08f4f89ca1191d"},
    {file = "grpcio_tools-1.57.0-cp311-cp311-musllinux_1_1_i686.whl", hash = "sha256:dfb6f6120587b8e228a3cae5ee4985b5bdc18501bad05c49df61965dfc9d70a9"},
    {file = "grpcio_tools-1.57.0-cp311-cp311-musllinux_1_1_x86_64.whl", hash = "sha256:4a7ad7f328e28fc97c356d0f10fb10d8b5151bb65aa7cf14bf8084513f0b7306"},
    {file = "grpcio_tools-1.57.0-cp311-cp311-win32.whl", hash = "sha256:9867f2817b1a0c93c523f89ac6c9d8625548af4620a7ce438bf5a76e23327284"},
    {file = "grpcio_tools-1.57.0-cp311-cp311-win_amd64.whl", hash = "sha256:1f9e917a9f18087f6c14b4d4508fb94fca5c2f96852363a89232fb9b2124ac1f"},
    {file = "grpcio_tools-1.57.0-cp37-cp37m-linux_armv7l.whl", hash = "sha256:9f2aefa8a37bd2c4db1a3f1aca11377e2766214520fb70e67071f4ff8d8b0fa5"},
    {file = "grpcio_tools-1.57.0-cp37-cp37m-macosx_10_10_universal2.whl", hash = "sha256:850cbda0ec5d24c39e7215ede410276040692ca45d105fbbeada407fa03f0ac0"},
    {file = "grpcio_tools-1.57.0-cp37-cp37m-manylinux_2_17_aarch64.whl", hash = "sha256:6fa52972c9647876ea35f6dc2b51002a74ed900ec7894586cbb2fe76f64f99de"},
    {file = "grpcio_tools-1.57.0-cp37-cp37m-manylinux_2_17_i686.manylinux2014_i686.whl", hash = "sha256:76c0eea89d7542719594e50e2283f51a072978b953e8b3e9fd7c59a2c762d4c1"},
    {file = "grpcio_tools-1.57.0-cp37-cp37m-manylinux_2_17_x86_64.manylinux2014_x86_64.whl", hash = "sha256:f3da5240211252fc70a6451fe00c143e2ab2f7bfc2445695ad2ed056b8e48d96"},
    {file = "grpcio_tools-1.57.0-cp37-cp37m-musllinux_1_1_i686.whl", hash = "sha256:a0256f8786ac9e4db618a1aa492bb3472569a0946fd3ee862ffe23196323da55"},
    {file = "grpcio_tools-1.57.0-cp37-cp37m-musllinux_1_1_x86_64.whl", hash = "sha256:c026bdf5c1366ce88b7bbe2d8207374d675afd3fd911f60752103de3da4a41d2"},
    {file = "grpcio_tools-1.57.0-cp37-cp37m-win_amd64.whl", hash = "sha256:9053c2f655589545be08b9d6a673e92970173a4bf11a4b9f18cd6e9af626b587"},
    {file = "grpcio_tools-1.57.0-cp38-cp38-linux_armv7l.whl", hash = "sha256:81ec4dbb696e095057b2528d11a8da04be6bbe2b967fa07d4ea9ba6354338cbf"},
    {file = "grpcio_tools-1.57.0-cp38-cp38-macosx_10_10_universal2.whl", hash = "sha256:495e2946406963e0b9f063f76d5af0f2a19517dac2b367b5b044432ac9194296"},
    {file = "grpcio_tools-1.57.0-cp38-cp38-manylinux_2_17_aarch64.whl", hash = "sha256:7b46fc6aa8eb7edd18cafcd21fd98703cb6c09e46b507de335fca7f0161dfccb"},
    {file = "grpcio_tools-1.57.0-cp38-cp38-manylinux_2_17_i686.manylinux2014_i686.whl", hash = "sha256:fb81ff861692111fa81bd85f64584e624cb4013bd66fbce8a209b8893f5ce398"},
    {file = "grpcio_tools-1.57.0-cp38-cp38-manylinux_2_17_x86_64.manylinux2014_x86_64.whl", hash = "sha256:8a42dc220eb5305f470855c9284f4c8e85ae59d6d742cd07946b0cbe5e9ca186"},
    {file = "grpcio_tools-1.57.0-cp38-cp38-musllinux_1_1_i686.whl", hash = "sha256:90d10d9038ba46a595a223a34f136c9230e3d6d7abc2433dbf0e1c31939d3a8b"},
    {file = "grpcio_tools-1.57.0-cp38-cp38-musllinux_1_1_x86_64.whl", hash = "sha256:5bc3e6d338aefb052e19cedabe00452be46d0c10a4ed29ee77abb00402e438fe"},
    {file = "grpcio_tools-1.57.0-cp38-cp38-win32.whl", hash = "sha256:34b36217b17b5bea674a414229913e1fd80ede328be51e1b531fcc62abd393b0"},
    {file = "grpcio_tools-1.57.0-cp38-cp38-win_amd64.whl", hash = "sha256:dbde4004a0688400036342ff73e3706e8940483e2871547b1354d59e93a38277"},
    {file = "grpcio_tools-1.57.0-cp39-cp39-linux_armv7l.whl", hash = "sha256:784574709b9690dc28696617ea69352e2132352fdfc9bc89afa8e39f99ae538e"},
    {file = "grpcio_tools-1.57.0-cp39-cp39-macosx_10_10_universal2.whl", hash = "sha256:85ac4e62eb44428cde025fd9ab7554002315fc7880f791c553fc5a0015cc9931"},
    {file = "grpcio_tools-1.57.0-cp39-cp39-manylinux_2_17_aarch64.whl", hash = "sha256:dc771d4db5701f280957bbcee91745e0686d00ed1c6aa7e05ba30a58b02d70a1"},
    {file = "grpcio_tools-1.57.0-cp39-cp39-manylinux_2_17_i686.manylinux2014_i686.whl", hash = "sha256:f3ac06703c412f8167a9062eaf6099409967e33bf98fa5b02be4b4689b6bdf39"},
    {file = "grpcio_tools-1.57.0-cp39-cp39-manylinux_2_17_x86_64.manylinux2014_x86_64.whl", hash = "sha256:02d78c034109f46032c7217260066d49d41e6bcaf588fa28fa40fe2f83445347"},
    {file = "grpcio_tools-1.57.0-cp39-cp39-musllinux_1_1_i686.whl", hash = "sha256:2db25f15ed44327f2e02d0c4fe741ac966f9500e407047d8a7c7fccf2df65616"},
    {file = "grpcio_tools-1.57.0-cp39-cp39-musllinux_1_1_x86_64.whl", hash = "sha256:2b417c97936d94874a3ce7ed8deab910f2233e3612134507cfee4af8735c38a6"},
    {file = "grpcio_tools-1.57.0-cp39-cp39-win32.whl", hash = "sha256:f717cce5093e6b6049d9ea6d12fdf3658efdb1a80772f7737db1f8510b876df6"},
    {file = "grpcio_tools-1.57.0-cp39-cp39-win_amd64.whl", hash = "sha256:1c0e8a1a32973a5d59fbcc19232f925e5c48116e9411f788033a31c5ca5130b4"},
]

[package.dependencies]
grpcio = ">=1.57.0"
protobuf = ">=4.21.6,<5.0dev"
setuptools = "*"

[[package]]
name = "importlib-metadata"
version = "6.8.0"
description = "Read metadata from Python packages"
category = "dev"
optional = false
python-versions = ">=3.8"
files = [
    {file = "importlib_metadata-6.8.0-py3-none-any.whl", hash = "sha256:3ebb78df84a805d7698245025b975d9d67053cd94c79245ba4b3eb694abe68bb"},
    {file = "importlib_metadata-6.8.0.tar.gz", hash = "sha256:dbace7892d8c0c4ac1ad096662232f831d4e64f4c4545bd53016a3e9d4654743"},
]

[package.dependencies]
zipp = ">=0.5"

[package.extras]
docs = ["furo", "jaraco.packaging (>=9)", "jaraco.tidelift (>=1.4)", "rst.linker (>=1.9)", "sphinx (>=3.5)", "sphinx-lint"]
perf = ["ipython"]
testing = ["flufl.flake8", "importlib-resources (>=1.3)", "packaging", "pyfakefs", "pytest (>=6)", "pytest-black (>=0.3.7)", "pytest-checkdocs (>=2.4)", "pytest-cov", "pytest-enabler (>=2.2)", "pytest-mypy (>=0.9.1)", "pytest-perf (>=0.9.2)", "pytest-ruff"]

[[package]]
name = "iniconfig"
version = "2.0.0"
description = "brain-dead simple config-ini parsing"
category = "dev"
optional = false
python-versions = ">=3.7"
files = [
    {file = "iniconfig-2.0.0-py3-none-any.whl", hash = "sha256:b6a85871a79d2e3b22d2d1b94ac2824226a63c6b741c88f7ae975f18b6778374"},
    {file = "iniconfig-2.0.0.tar.gz", hash = "sha256:2d91e135bf72d31a410b17c16da610a82cb55f6b0477d1a902134b24a455b8b3"},
]

[[package]]
name = "mypy"
version = "1.5.1"
description = "Optional static typing for Python"
category = "dev"
optional = false
python-versions = ">=3.8"
files = [
    {file = "mypy-1.5.1-cp310-cp310-macosx_10_9_x86_64.whl", hash = "sha256:f33592ddf9655a4894aef22d134de7393e95fcbdc2d15c1ab65828eee5c66c70"},
    {file = "mypy-1.5.1-cp310-cp310-macosx_11_0_arm64.whl", hash = "sha256:258b22210a4a258ccd077426c7a181d789d1121aca6db73a83f79372f5569ae0"},
    {file = "mypy-1.5.1-cp310-cp310-manylinux_2_17_x86_64.manylinux2014_x86_64.whl", hash = "sha256:a9ec1f695f0c25986e6f7f8778e5ce61659063268836a38c951200c57479cc12"},
    {file = "mypy-1.5.1-cp310-cp310-musllinux_1_1_x86_64.whl", hash = "sha256:abed92d9c8f08643c7d831300b739562b0a6c9fcb028d211134fc9ab20ccad5d"},
    {file = "mypy-1.5.1-cp310-cp310-win_amd64.whl", hash = "sha256:a156e6390944c265eb56afa67c74c0636f10283429171018446b732f1a05af25"},
    {file = "mypy-1.5.1-cp311-cp311-macosx_10_9_x86_64.whl", hash = "sha256:6ac9c21bfe7bc9f7f1b6fae441746e6a106e48fc9de530dea29e8cd37a2c0cc4"},
    {file = "mypy-1.5.1-cp311-cp311-macosx_11_0_arm64.whl", hash = "sha256:51cb1323064b1099e177098cb939eab2da42fea5d818d40113957ec954fc85f4"},
    {file = "mypy-1.5.1-cp311-cp311-manylinux_2_17_x86_64.manylinux2014_x86_64.whl", hash = "sha256:596fae69f2bfcb7305808c75c00f81fe2829b6236eadda536f00610ac5ec2243"},
    {file = "mypy-1.5.1-cp311-cp311-musllinux_1_1_x86_64.whl", hash = "sha256:32cb59609b0534f0bd67faebb6e022fe534bdb0e2ecab4290d683d248be1b275"},
    {file = "mypy-1.5.1-cp311-cp311-win_amd64.whl", hash = "sha256:159aa9acb16086b79bbb0016145034a1a05360626046a929f84579ce1666b315"},
    {file = "mypy-1.5.1-cp312-cp312-macosx_10_9_x86_64.whl", hash = "sha256:f6b0e77db9ff4fda74de7df13f30016a0a663928d669c9f2c057048ba44f09bb"},
    {file = "mypy-1.5.1-cp312-cp312-macosx_11_0_arm64.whl", hash = "sha256:26f71b535dfc158a71264e6dc805a9f8d2e60b67215ca0bfa26e2e1aa4d4d373"},
    {file = "mypy-1.5.1-cp312-cp312-manylinux_2_17_x86_64.manylinux2014_x86_64.whl", hash = "sha256:2fc3a600f749b1008cc75e02b6fb3d4db8dbcca2d733030fe7a3b3502902f161"},
    {file = "mypy-1.5.1-cp312-cp312-musllinux_1_1_x86_64.whl", hash = "sha256:26fb32e4d4afa205b24bf645eddfbb36a1e17e995c5c99d6d00edb24b693406a"},
    {file = "mypy-1.5.1-cp312-cp312-win_amd64.whl", hash = "sha256:82cb6193de9bbb3844bab4c7cf80e6227d5225cc7625b068a06d005d861ad5f1"},
    {file = "mypy-1.5.1-cp38-cp38-macosx_10_9_x86_64.whl", hash = "sha256:4a465ea2ca12804d5b34bb056be3a29dc47aea5973b892d0417c6a10a40b2d65"},
    {file = "mypy-1.5.1-cp38-cp38-macosx_11_0_arm64.whl", hash = "sha256:9fece120dbb041771a63eb95e4896791386fe287fefb2837258925b8326d6160"},
    {file = "mypy-1.5.1-cp38-cp38-manylinux_2_17_x86_64.manylinux2014_x86_64.whl", hash = "sha256:d28ddc3e3dfeab553e743e532fb95b4e6afad51d4706dd22f28e1e5e664828d2"},
    {file = "mypy-1.5.1-cp38-cp38-musllinux_1_1_x86_64.whl", hash = "sha256:57b10c56016adce71fba6bc6e9fd45d8083f74361f629390c556738565af8eeb"},
    {file = "mypy-1.5.1-cp38-cp38-win_amd64.whl", hash = "sha256:ff0cedc84184115202475bbb46dd99f8dcb87fe24d5d0ddfc0fe6b8575c88d2f"},
    {file = "mypy-1.5.1-cp39-cp39-macosx_10_9_x86_64.whl", hash = "sha256:8f772942d372c8cbac575be99f9cc9d9fb3bd95c8bc2de6c01411e2c84ebca8a"},
    {file = "mypy-1.5.1-cp39-cp39-macosx_11_0_arm64.whl", hash = "sha256:5d627124700b92b6bbaa99f27cbe615c8ea7b3402960f6372ea7d65faf376c14"},
    {file = "mypy-1.5.1-cp39-cp39-manylinux_2_17_x86_64.manylinux2014_x86_64.whl", hash = "sha256:361da43c4f5a96173220eb53340ace68cda81845cd88218f8862dfb0adc8cddb"},
    {file = "mypy-1.5.1-cp39-cp39-musllinux_1_1_x86_64.whl", hash = "sha256:330857f9507c24de5c5724235e66858f8364a0693894342485e543f5b07c8693"},
    {file = "mypy-1.5.1-cp39-cp39-win_amd64.whl", hash = "sha256:c543214ffdd422623e9fedd0869166c2f16affe4ba37463975043ef7d2ea8770"},
    {file = "mypy-1.5.1-py3-none-any.whl", hash = "sha256:f757063a83970d67c444f6e01d9550a7402322af3557ce7630d3c957386fa8f5"},
    {file = "mypy-1.5.1.tar.gz", hash = "sha256:b031b9601f1060bf1281feab89697324726ba0c0bae9d7cd7ab4b690940f0b92"},
]

[package.dependencies]
mypy-extensions = ">=1.0.0"
tomli = {version = ">=1.1.0", markers = "python_version < \"3.11\""}
typing-extensions = ">=4.1.0"

[package.extras]
dmypy = ["psutil (>=4.0)"]
install-types = ["pip"]
reports = ["lxml"]

[[package]]
name = "mypy-extensions"
version = "1.0.0"
description = "Type system extensions for programs checked with the mypy type checker."
category = "dev"
optional = false
python-versions = ">=3.5"
files = [
    {file = "mypy_extensions-1.0.0-py3-none-any.whl", hash = "sha256:4392f6c0eb8a5668a69e23d168ffa70f0be9ccfd32b5cc2d26a34ae5b844552d"},
    {file = "mypy_extensions-1.0.0.tar.gz", hash = "sha256:75dbf8955dc00442a438fc4d0666508a9a97b6bd41aa2f0ffe9d2f2725af0782"},
]

[[package]]
name = "mypy-protobuf"
version = "3.5.0"
description = "Generate mypy stub files from protobuf specs"
category = "dev"
optional = false
python-versions = ">=3.8"
files = [
    {file = "mypy-protobuf-3.5.0.tar.gz", hash = "sha256:21f270da0a9792a9dac76b0df463c027e561664ab6973c59be4e4d064dfe67dc"},
    {file = "mypy_protobuf-3.5.0-py3-none-any.whl", hash = "sha256:0d0548c6b9a6faf14ce1a9ce2831c403a5c1f2a9363e85b1e2c51d5d57aa8393"},
]

[package.dependencies]
protobuf = ">=4.23.4"
types-protobuf = ">=4.23.0.2"

[[package]]
name = "packaging"
version = "23.1"
description = "Core utilities for Python packages"
category = "dev"
optional = false
python-versions = ">=3.7"
files = [
    {file = "packaging-23.1-py3-none-any.whl", hash = "sha256:994793af429502c4ea2ebf6bf664629d07c1a9fe974af92966e4b8d2df7edc61"},
    {file = "packaging-23.1.tar.gz", hash = "sha256:a392980d2b6cffa644431898be54b0045151319d1e7ec34f0cfed48767dd334f"},
]

[[package]]
name = "pathspec"
version = "0.11.2"
description = "Utility library for gitignore style pattern matching of file paths."
category = "dev"
optional = false
python-versions = ">=3.7"
files = [
    {file = "pathspec-0.11.2-py3-none-any.whl", hash = "sha256:1d6ed233af05e679efb96b1851550ea95bbb64b7c490b0f5aa52996c11e92a20"},
    {file = "pathspec-0.11.2.tar.gz", hash = "sha256:e0d8d0ac2f12da61956eb2306b69f9469b42f4deb0f3cb6ed47b9cce9996ced3"},
]

[[package]]
name = "platformdirs"
version = "3.10.0"
description = "A small Python package for determining appropriate platform-specific dirs, e.g. a \"user data dir\"."
category = "dev"
optional = false
python-versions = ">=3.7"
files = [
    {file = "platformdirs-3.10.0-py3-none-any.whl", hash = "sha256:d7c24979f292f916dc9cbf8648319032f551ea8c49a4c9bf2fb556a02070ec1d"},
    {file = "platformdirs-3.10.0.tar.gz", hash = "sha256:b45696dab2d7cc691a3226759c0d3b00c47c8b6e293d96f6436f733303f77f6d"},
]

[package.extras]
docs = ["furo (>=2023.7.26)", "proselint (>=0.13)", "sphinx (>=7.1.1)", "sphinx-autodoc-typehints (>=1.24)"]
test = ["appdirs (==1.4.4)", "covdefaults (>=2.3)", "pytest (>=7.4)", "pytest-cov (>=4.1)", "pytest-mock (>=3.11.1)"]

[[package]]
name = "pluggy"
version = "1.3.0"
description = "plugin and hook calling mechanisms for python"
category = "dev"
optional = false
python-versions = ">=3.8"
files = [
    {file = "pluggy-1.3.0-py3-none-any.whl", hash = "sha256:d89c696a773f8bd377d18e5ecda92b7a3793cbe66c87060a6fb58c7b6e1061f7"},
    {file = "pluggy-1.3.0.tar.gz", hash = "sha256:cf61ae8f126ac6f7c451172cf30e3e43d3ca77615509771b3a984a0730651e12"},
]

[package.extras]
dev = ["pre-commit", "tox"]
testing = ["pytest", "pytest-benchmark"]

[[package]]
name = "protobuf"
version = "4.24.2"
description = ""
category = "main"
optional = false
python-versions = ">=3.7"
files = [
    {file = "protobuf-4.24.2-cp310-abi3-win32.whl", hash = "sha256:58e12d2c1aa428ece2281cef09bbaa6938b083bcda606db3da4e02e991a0d924"},
    {file = "protobuf-4.24.2-cp310-abi3-win_amd64.whl", hash = "sha256:77700b55ba41144fc64828e02afb41901b42497b8217b558e4a001f18a85f2e3"},
    {file = "protobuf-4.24.2-cp37-abi3-macosx_10_9_universal2.whl", hash = "sha256:237b9a50bd3b7307d0d834c1b0eb1a6cd47d3f4c2da840802cd03ea288ae8880"},
    {file = "protobuf-4.24.2-cp37-abi3-manylinux2014_aarch64.whl", hash = "sha256:25ae91d21e3ce8d874211110c2f7edd6384816fb44e06b2867afe35139e1fd1c"},
    {file = "protobuf-4.24.2-cp37-abi3-manylinux2014_x86_64.whl", hash = "sha256:c00c3c7eb9ad3833806e21e86dca448f46035242a680f81c3fe068ff65e79c74"},
    {file = "protobuf-4.24.2-cp37-cp37m-win32.whl", hash = "sha256:4e69965e7e54de4db989289a9b971a099e626f6167a9351e9d112221fc691bc1"},
    {file = "protobuf-4.24.2-cp37-cp37m-win_amd64.whl", hash = "sha256:c5cdd486af081bf752225b26809d2d0a85e575b80a84cde5172a05bbb1990099"},
    {file = "protobuf-4.24.2-cp38-cp38-win32.whl", hash = "sha256:6bd26c1fa9038b26c5c044ee77e0ecb18463e957fefbaeb81a3feb419313a54e"},
    {file = "protobuf-4.24.2-cp38-cp38-win_amd64.whl", hash = "sha256:bb7aa97c252279da65584af0456f802bd4b2de429eb945bbc9b3d61a42a8cd16"},
    {file = "protobuf-4.24.2-cp39-cp39-win32.whl", hash = "sha256:2b23bd6e06445699b12f525f3e92a916f2dcf45ffba441026357dea7fa46f42b"},
    {file = "protobuf-4.24.2-cp39-cp39-win_amd64.whl", hash = "sha256:839952e759fc40b5d46be319a265cf94920174d88de31657d5622b5d8d6be5cd"},
    {file = "protobuf-4.24.2-py3-none-any.whl", hash = "sha256:3b7b170d3491ceed33f723bbf2d5a260f8a4e23843799a3906f16ef736ef251e"},
    {file = "protobuf-4.24.2.tar.gz", hash = "sha256:7fda70797ddec31ddfa3576cbdcc3ddbb6b3078b737a1a87ab9136af0570cd6e"},
]

[[package]]
name = "pytest"
version = "7.4.1"
description = "pytest: simple powerful testing with Python"
category = "dev"
optional = false
python-versions = ">=3.7"
files = [
    {file = "pytest-7.4.1-py3-none-any.whl", hash = "sha256:460c9a59b14e27c602eb5ece2e47bec99dc5fc5f6513cf924a7d03a578991b1f"},
    {file = "pytest-7.4.1.tar.gz", hash = "sha256:2f2301e797521b23e4d2585a0a3d7b5e50fdddaaf7e7d6773ea26ddb17c213ab"},
]

[package.dependencies]
colorama = {version = "*", markers = "sys_platform == \"win32\""}
exceptiongroup = {version = ">=1.0.0rc8", markers = "python_version < \"3.11\""}
iniconfig = "*"
packaging = "*"
pluggy = ">=0.12,<2.0"
tomli = {version = ">=1.0.0", markers = "python_version < \"3.11\""}

[package.extras]
testing = ["argcomplete", "attrs (>=19.2.0)", "hypothesis (>=3.56)", "mock", "nose", "pygments (>=2.7.2)", "requests", "setuptools", "xmlschema"]

[[package]]
name = "pytest-randomly"
version = "3.15.0"
description = "Pytest plugin to randomly order tests and control random.seed."
category = "dev"
optional = false
python-versions = ">=3.8"
files = [
    {file = "pytest_randomly-3.15.0-py3-none-any.whl", hash = "sha256:0516f4344b29f4e9cdae8bce31c4aeebf59d0b9ef05927c33354ff3859eeeca6"},
    {file = "pytest_randomly-3.15.0.tar.gz", hash = "sha256:b908529648667ba5e54723088edd6f82252f540cc340d748d1fa985539687047"},
]

[package.dependencies]
importlib-metadata = {version = ">=3.6.0", markers = "python_version < \"3.10\""}
pytest = "*"

[[package]]
name = "ruff"
version = "0.0.287"
description = "An extremely fast Python linter, written in Rust."
category = "dev"
optional = false
python-versions = ">=3.7"
files = [
    {file = "ruff-0.0.287-py3-none-macosx_10_7_x86_64.whl", hash = "sha256:1e0f9ee4c3191444eefeda97d7084721d9b8e29017f67997a20c153457f2eafd"},
    {file = "ruff-0.0.287-py3-none-macosx_10_9_x86_64.macosx_11_0_arm64.macosx_10_9_universal2.whl", hash = "sha256:e9843e5704d4fb44e1a8161b0d31c1a38819723f0942639dfeb53d553be9bfb5"},
    {file = "ruff-0.0.287-py3-none-manylinux_2_17_aarch64.manylinux2014_aarch64.whl", hash = "sha256:8ca1ed11d759a29695aed2bfc7f914b39bcadfe2ef08d98ff69c873f639ad3a8"},
    {file = "ruff-0.0.287-py3-none-manylinux_2_17_armv7l.manylinux2014_armv7l.whl", hash = "sha256:1cf4d5ad3073af10f186ea22ce24bc5a8afa46151f6896f35c586e40148ba20b"},
    {file = "ruff-0.0.287-py3-none-manylinux_2_17_i686.manylinux2014_i686.whl", hash = "sha256:66d9d58bcb29afd72d2afe67120afcc7d240efc69a235853813ad556443dc922"},
    {file = "ruff-0.0.287-py3-none-manylinux_2_17_ppc64.manylinux2014_ppc64.whl", hash = "sha256:06ac5df7dd3ba8bf83bba1490a72f97f1b9b21c7cbcba8406a09de1a83f36083"},
    {file = "ruff-0.0.287-py3-none-manylinux_2_17_ppc64le.manylinux2014_ppc64le.whl", hash = "sha256:2bfb478e1146a60aa740ab9ebe448b1f9e3c0dfb54be3cc58713310eef059c30"},
    {file = "ruff-0.0.287-py3-none-manylinux_2_17_s390x.manylinux2014_s390x.whl", hash = "sha256:00d579a011949108c4b4fa04c4f1ee066dab536a9ba94114e8e580c96be2aeb4"},
    {file = "ruff-0.0.287-py3-none-manylinux_2_17_x86_64.manylinux2014_x86_64.whl", hash = "sha256:d3a810a79b8029cc92d06c36ea1f10be5298d2323d9024e1d21aedbf0a1a13e5"},
    {file = "ruff-0.0.287-py3-none-musllinux_1_2_aarch64.whl", hash = "sha256:150007028ad4976ce9a7704f635ead6d0e767f73354ce0137e3e44f3a6c0963b"},
    {file = "ruff-0.0.287-py3-none-musllinux_1_2_armv7l.whl", hash = "sha256:a24a280db71b0fa2e0de0312b4aecb8e6d08081d1b0b3c641846a9af8e35b4a7"},
    {file = "ruff-0.0.287-py3-none-musllinux_1_2_i686.whl", hash = "sha256:2918cb7885fa1611d542de1530bea3fbd63762da793751cc8c8d6e4ba234c3d8"},
    {file = "ruff-0.0.287-py3-none-musllinux_1_2_x86_64.whl", hash = "sha256:33d7b251afb60bec02a64572b0fd56594b1923ee77585bee1e7e1daf675e7ae7"},
    {file = "ruff-0.0.287-py3-none-win32.whl", hash = "sha256:022f8bed2dcb5e5429339b7c326155e968a06c42825912481e10be15dafb424b"},
    {file = "ruff-0.0.287-py3-none-win_amd64.whl", hash = "sha256:26bd0041d135a883bd6ab3e0b29c42470781fb504cf514e4c17e970e33411d90"},
    {file = "ruff-0.0.287-py3-none-win_arm64.whl", hash = "sha256:44bceb3310ac04f0e59d4851e6227f7b1404f753997c7859192e41dbee9f5c8d"},
    {file = "ruff-0.0.287.tar.gz", hash = "sha256:02dc4f5bf53ef136e459d467f3ce3e04844d509bc46c025a05b018feb37bbc39"},
]

[[package]]
name = "setuptools"
version = "68.1.2"
description = "Easily download, build, install, upgrade, and uninstall Python packages"
category = "main"
optional = true
python-versions = ">=3.8"
files = [
    {file = "setuptools-68.1.2-py3-none-any.whl", hash = "sha256:3d8083eed2d13afc9426f227b24fd1659489ec107c0e86cec2ffdde5c92e790b"},
    {file = "setuptools-68.1.2.tar.gz", hash = "sha256:3d4dfa6d95f1b101d695a6160a7626e15583af71a5f52176efa5d39a054d475d"},
]

[package.extras]
docs = ["furo", "jaraco.packaging (>=9.3)", "jaraco.tidelift (>=1.4)", "pygments-github-lexers (==0.0.5)", "rst.linker (>=1.9)", "sphinx (>=3.5,<=7.1.2)", "sphinx-favicon", "sphinx-hoverxref (<2)", "sphinx-inline-tabs", "sphinx-lint", "sphinx-notfound-page (==0.8.3)", "sphinx-reredirects", "sphinxcontrib-towncrier"]
testing = ["build[virtualenv]", "filelock (>=3.4.0)", "flake8-2020", "ini2toml[lite] (>=0.9)", "jaraco.develop (>=7.21)", "jaraco.envs (>=2.2)", "jaraco.path (>=3.2.0)", "pip (>=19.1)", "pytest (>=6)", "pytest-black (>=0.3.7)", "pytest-checkdocs (>=2.4)", "pytest-cov", "pytest-enabler (>=2.2)", "pytest-mypy (>=0.9.1)", "pytest-perf", "pytest-ruff", "pytest-timeout", "pytest-xdist", "tomli-w (>=1.0.0)", "virtualenv (>=13.0.0)", "wheel"]
testing-integration = ["build[virtualenv]", "filelock (>=3.4.0)", "jaraco.envs (>=2.2)", "jaraco.path (>=3.2.0)", "pytest", "pytest-enabler", "pytest-xdist", "tomli", "virtualenv (>=13.0.0)", "wheel"]

[[package]]
name = "six"
version = "1.16.0"
description = "Python 2 and 3 compatibility utilities"
category = "main"
optional = false
python-versions = ">=2.7, !=3.0.*, !=3.1.*, !=3.2.*"
files = [
    {file = "six-1.16.0-py2.py3-none-any.whl", hash = "sha256:8abb2f1d86890a2dfb989f9a77cfcfd3e47c2a354b01111771326f8aa26e0254"},
    {file = "six-1.16.0.tar.gz", hash = "sha256:1e61c37477a1626458e36f7b1d82aa5c9b094fa4802892072e49de9c60c4c926"},
]

[[package]]
name = "tomli"
version = "2.0.1"
description = "A lil' TOML parser"
category = "dev"
optional = false
python-versions = ">=3.7"
files = [
    {file = "tomli-2.0.1-py3-none-any.whl", hash = "sha256:939de3e7a6161af0c887ef91b7d41a53e7c5a1ca976325f429cb46ea9bc30ecc"},
    {file = "tomli-2.0.1.tar.gz", hash = "sha256:de526c12914f0c550d15924c62d72abc48d6fe7364aa87328337a31007fe8a4f"},
]

[[package]]
name = "types-protobuf"
version = "4.24.0.1"
description = "Typing stubs for protobuf"
category = "dev"
optional = false
python-versions = "*"
files = [
    {file = "types-protobuf-4.24.0.1.tar.gz", hash = "sha256:90adea3b693d6a40d8ef075c58fe6b5cc6e01fe1496301a7e6fc70398dcff92e"},
    {file = "types_protobuf-4.24.0.1-py3-none-any.whl", hash = "sha256:df203a204e4ae97d4cca4c9cf725262579dd7857a19f9e7fc74871ccfa073c01"},
]

[[package]]
name = "typing-extensions"
version = "4.7.1"
description = "Backported and Experimental Type Hints for Python 3.7+"
category = "dev"
optional = false
python-versions = ">=3.7"
files = [
    {file = "typing_extensions-4.7.1-py3-none-any.whl", hash = "sha256:440d5dd3af93b060174bf433bccd69b0babc3b15b1a8dca43789fd7f61514b36"},
    {file = "typing_extensions-4.7.1.tar.gz", hash = "sha256:b75ddc264f0ba5615db7ba217daeb99701ad295353c45f9e95963337ceeeffb2"},
]

[[package]]
name = "wheel"
version = "0.41.2"
description = "A built-package format for Python"
category = "main"
optional = false
python-versions = ">=3.7"
files = [
    {file = "wheel-0.41.2-py3-none-any.whl", hash = "sha256:75909db2664838d015e3d9139004ee16711748a52c8f336b52882266540215d8"},
    {file = "wheel-0.41.2.tar.gz", hash = "sha256:0c5ac5ff2afb79ac23ab82bab027a0be7b5dbcf2e54dc50efe4bf507de1f7985"},
]

[package.extras]
test = ["pytest (>=6.0.0)", "setuptools (>=65)"]

[[package]]
name = "zipp"
version = "3.16.2"
description = "Backport of pathlib-compatible object wrapper for zip files"
category = "dev"
optional = false
python-versions = ">=3.8"
files = [
    {file = "zipp-3.16.2-py3-none-any.whl", hash = "sha256:679e51dd4403591b2d6838a48de3d283f3d188412a9782faadf845f298736ba0"},
    {file = "zipp-3.16.2.tar.gz", hash = "sha256:ebc15946aa78bd63458992fc81ec3b6f7b1e92d51c35e6de1c3804e73b799147"},
]

[package.extras]
docs = ["furo", "jaraco.packaging (>=9.3)", "jaraco.tidelift (>=1.4)", "rst.linker (>=1.9)", "sphinx (>=3.5)", "sphinx-lint"]
testing = ["big-O", "jaraco.functools", "jaraco.itertools", "more-itertools", "pytest (>=6)", "pytest-black (>=0.3.7)", "pytest-checkdocs (>=2.4)", "pytest-cov", "pytest-enabler (>=2.2)", "pytest-ignore-flaky", "pytest-mypy (>=0.9.1)", "pytest-ruff"]

[extras]
grpcio-tools = ["grpcio-tools"]

[metadata]
lock-version = "2.0"
python-versions = "^3.8"
content-hash = "c9907fa8901dd0577ce5ffa000af73f85f331f003190f5f27a3f0bb19410703b"
