# This file is automatically @generated by Poetry 1.8.3 and should not be changed by hand.

[[package]]
name = "astunparse"
version = "1.6.3"
description = "An AST unparser for Python"
optional = false
python-versions = "*"
files = [
    {file = "astunparse-1.6.3-py2.py3-none-any.whl", hash = "sha256:c2652417f2c8b5bb325c885ae329bdf3f86424075c4fd1a128674bc6fba4b8e8"},
    {file = "astunparse-1.6.3.tar.gz", hash = "sha256:5ad93a8456f0d084c3456d059fd9a92cce667963232cbf763eac3bc5b7940872"},
]

[package.dependencies]
six = ">=1.6.1,<2.0"
wheel = ">=0.23.0,<1.0"

[[package]]
name = "click"
version = "8.1.7"
description = "Composable command line interface toolkit"
optional = false
python-versions = ">=3.7"
files = [
    {file = "click-8.1.7-py3-none-any.whl", hash = "sha256:ae74fb96c20a0277a1d615f1e4d73c8414f5a98db8b799a7931d1582f3390c28"},
    {file = "click-8.1.7.tar.gz", hash = "sha256:ca9853ad459e787e2192211578cc907e7594e294c7ccc834310722b41b9ca6de"},
]

[package.dependencies]
colorama = {version = "*", markers = "platform_system == \"Windows\""}

[[package]]
name = "colorama"
version = "0.4.6"
description = "Cross-platform colored terminal text."
optional = false
python-versions = "!=3.0.*,!=3.1.*,!=3.2.*,!=3.3.*,!=3.4.*,!=3.5.*,!=3.6.*,>=2.7"
files = [
    {file = "colorama-0.4.6-py2.py3-none-any.whl", hash = "sha256:4f1d9991f5acc0ca119f9d443620b77f9d6b33703e51011c16baf57afb285fc6"},
    {file = "colorama-0.4.6.tar.gz", hash = "sha256:08695f5cb7ed6e0531a20572697297273c47b8cae5a63ffc6d6ed5c201be6e44"},
]

[[package]]
name = "exceptiongroup"
version = "1.2.2"
description = "Backport of PEP 654 (exception groups)"
optional = false
python-versions = ">=3.7"
files = [
    {file = "exceptiongroup-1.2.2-py3-none-any.whl", hash = "sha256:3111b9d131c238bec2f8f516e123e14ba243563fb135d3fe885990585aa7795b"},
    {file = "exceptiongroup-1.2.2.tar.gz", hash = "sha256:47c2edf7c6738fafb49fd34290706d1a1a2f4d1c6df275526b62cbb4aa5393cc"},
]

[package.extras]
test = ["pytest (>=6)"]

[[package]]
name = "grpc-stubs"
version = "1.53.0.5"
description = "Mypy stubs for gRPC"
optional = false
python-versions = ">=3.6"
files = [
    {file = "grpc-stubs-1.53.0.5.tar.gz", hash = "sha256:3e1b642775cbc3e0c6332cfcedfccb022176db87e518757bef3a1241397be406"},
    {file = "grpc_stubs-1.53.0.5-py3-none-any.whl", hash = "sha256:04183fb65a1b166a1febb9627e3d9647d3926ccc2dfe049fe7b6af243428dbe1"},
]

[package.dependencies]
grpcio = "*"

[[package]]
name = "grpcio"
version = "1.67.1"
description = "HTTP/2-based RPC framework"
optional = false
python-versions = ">=3.8"
files = [
    {file = "grpcio-1.67.1-cp310-cp310-linux_armv7l.whl", hash = "sha256:8b0341d66a57f8a3119b77ab32207072be60c9bf79760fa609c5609f2deb1f3f"},
    {file = "grpcio-1.67.1-cp310-cp310-macosx_12_0_universal2.whl", hash = "sha256:f5a27dddefe0e2357d3e617b9079b4bfdc91341a91565111a21ed6ebbc51b22d"},
    {file = "grpcio-1.67.1-cp310-cp310-manylinux_2_17_aarch64.whl", hash = "sha256:43112046864317498a33bdc4797ae6a268c36345a910de9b9c17159d8346602f"},
    {file = "grpcio-1.67.1-cp310-cp310-manylinux_2_17_i686.manylinux2014_i686.whl", hash = "sha256:c9b929f13677b10f63124c1a410994a401cdd85214ad83ab67cc077fc7e480f0"},
    {file = "grpcio-1.67.1-cp310-cp310-manylinux_2_17_x86_64.manylinux2014_x86_64.whl", hash = "sha256:e7d1797a8a3845437d327145959a2c0c47c05947c9eef5ff1a4c80e499dcc6fa"},
    {file = "grpcio-1.67.1-cp310-cp310-musllinux_1_1_i686.whl", hash = "sha256:0489063974d1452436139501bf6b180f63d4977223ee87488fe36858c5725292"},
    {file = "grpcio-1.67.1-cp310-cp310-musllinux_1_1_x86_64.whl", hash = "sha256:9fd042de4a82e3e7aca44008ee2fb5da01b3e5adb316348c21980f7f58adc311"},
    {file = "grpcio-1.67.1-cp310-cp310-win32.whl", hash = "sha256:638354e698fd0c6c76b04540a850bf1db27b4d2515a19fcd5cf645c48d3eb1ed"},
    {file = "grpcio-1.67.1-cp310-cp310-win_amd64.whl", hash = "sha256:608d87d1bdabf9e2868b12338cd38a79969eaf920c89d698ead08f48de9c0f9e"},
    {file = "grpcio-1.67.1-cp311-cp311-linux_armv7l.whl", hash = "sha256:7818c0454027ae3384235a65210bbf5464bd715450e30a3d40385453a85a70cb"},
    {file = "grpcio-1.67.1-cp311-cp311-macosx_10_9_universal2.whl", hash = "sha256:ea33986b70f83844cd00814cee4451055cd8cab36f00ac64a31f5bb09b31919e"},
    {file = "grpcio-1.67.1-cp311-cp311-manylinux_2_17_aarch64.whl", hash = "sha256:c7a01337407dd89005527623a4a72c5c8e2894d22bead0895306b23c6695698f"},
    {file = "grpcio-1.67.1-cp311-cp311-manylinux_2_17_i686.manylinux2014_i686.whl", hash = "sha256:80b866f73224b0634f4312a4674c1be21b2b4afa73cb20953cbbb73a6b36c3cc"},
    {file = "grpcio-1.67.1-cp311-cp311-manylinux_2_17_x86_64.manylinux2014_x86_64.whl", hash = "sha256:f9fff78ba10d4250bfc07a01bd6254a6d87dc67f9627adece85c0b2ed754fa96"},
    {file = "grpcio-1.67.1-cp311-cp311-musllinux_1_1_i686.whl", hash = "sha256:8a23cbcc5bb11ea7dc6163078be36c065db68d915c24f5faa4f872c573bb400f"},
    {file = "grpcio-1.67.1-cp311-cp311-musllinux_1_1_x86_64.whl", hash = "sha256:1a65b503d008f066e994f34f456e0647e5ceb34cfcec5ad180b1b44020ad4970"},
    {file = "grpcio-1.67.1-cp311-cp311-win32.whl", hash = "sha256:e29ca27bec8e163dca0c98084040edec3bc49afd10f18b412f483cc68c712744"},
    {file = "grpcio-1.67.1-cp311-cp311-win_amd64.whl", hash = "sha256:786a5b18544622bfb1e25cc08402bd44ea83edfb04b93798d85dca4d1a0b5be5"},
    {file = "grpcio-1.67.1-cp312-cp312-linux_armv7l.whl", hash = "sha256:267d1745894200e4c604958da5f856da6293f063327cb049a51fe67348e4f953"},
    {file = "grpcio-1.67.1-cp312-cp312-macosx_10_9_universal2.whl", hash = "sha256:85f69fdc1d28ce7cff8de3f9c67db2b0ca9ba4449644488c1e0303c146135ddb"},
    {file = "grpcio-1.67.1-cp312-cp312-manylinux_2_17_aarch64.whl", hash = "sha256:f26b0b547eb8d00e195274cdfc63ce64c8fc2d3e2d00b12bf468ece41a0423a0"},
    {file = "grpcio-1.67.1-cp312-cp312-manylinux_2_17_i686.manylinux2014_i686.whl", hash = "sha256:4422581cdc628f77302270ff839a44f4c24fdc57887dc2a45b7e53d8fc2376af"},
    {file = "grpcio-1.67.1-cp312-cp312-manylinux_2_17_x86_64.manylinux2014_x86_64.whl", hash = "sha256:1d7616d2ded471231c701489190379e0c311ee0a6c756f3c03e6a62b95a7146e"},
    {file = "grpcio-1.67.1-cp312-cp312-musllinux_1_1_i686.whl", hash = "sha256:8a00efecde9d6fcc3ab00c13f816313c040a28450e5e25739c24f432fc6d3c75"},
    {file = "grpcio-1.67.1-cp312-cp312-musllinux_1_1_x86_64.whl", hash = "sha256:699e964923b70f3101393710793289e42845791ea07565654ada0969522d0a38"},
    {file = "grpcio-1.67.1-cp312-cp312-win32.whl", hash = "sha256:4e7b904484a634a0fff132958dabdb10d63e0927398273917da3ee103e8d1f78"},
    {file = "grpcio-1.67.1-cp312-cp312-win_amd64.whl", hash = "sha256:5721e66a594a6c4204458004852719b38f3d5522082be9061d6510b455c90afc"},
    {file = "grpcio-1.67.1-cp313-cp313-linux_armv7l.whl", hash = "sha256:aa0162e56fd10a5547fac8774c4899fc3e18c1aa4a4759d0ce2cd00d3696ea6b"},
    {file = "grpcio-1.67.1-cp313-cp313-macosx_10_13_universal2.whl", hash = "sha256:beee96c8c0b1a75d556fe57b92b58b4347c77a65781ee2ac749d550f2a365dc1"},
    {file = "grpcio-1.67.1-cp313-cp313-manylinux_2_17_aarch64.whl", hash = "sha256:a93deda571a1bf94ec1f6fcda2872dad3ae538700d94dc283c672a3b508ba3af"},
    {file = "grpcio-1.67.1-cp313-cp313-manylinux_2_17_i686.manylinux2014_i686.whl", hash = "sha256:0e6f255980afef598a9e64a24efce87b625e3e3c80a45162d111a461a9f92955"},
    {file = "grpcio-1.67.1-cp313-cp313-manylinux_2_17_x86_64.manylinux2014_x86_64.whl", hash = "sha256:9e838cad2176ebd5d4a8bb03955138d6589ce9e2ce5d51c3ada34396dbd2dba8"},
    {file = "grpcio-1.67.1-cp313-cp313-musllinux_1_1_i686.whl", hash = "sha256:a6703916c43b1d468d0756c8077b12017a9fcb6a1ef13faf49e67d20d7ebda62"},
    {file = "grpcio-1.67.1-cp313-cp313-musllinux_1_1_x86_64.whl", hash = "sha256:917e8d8994eed1d86b907ba2a61b9f0aef27a2155bca6cbb322430fc7135b7bb"},
    {file = "grpcio-1.67.1-cp313-cp313-win32.whl", hash = "sha256:e279330bef1744040db8fc432becc8a727b84f456ab62b744d3fdb83f327e121"},
    {file = "grpcio-1.67.1-cp313-cp313-win_amd64.whl", hash = "sha256:fa0c739ad8b1996bd24823950e3cb5152ae91fca1c09cc791190bf1627ffefba"},
    {file = "grpcio-1.67.1-cp38-cp38-linux_armv7l.whl", hash = "sha256:178f5db771c4f9a9facb2ab37a434c46cb9be1a75e820f187ee3d1e7805c4f65"},
    {file = "grpcio-1.67.1-cp38-cp38-macosx_10_9_universal2.whl", hash = "sha256:0f3e49c738396e93b7ba9016e153eb09e0778e776df6090c1b8c91877cc1c426"},
    {file = "grpcio-1.67.1-cp38-cp38-manylinux_2_17_aarch64.whl", hash = "sha256:24e8a26dbfc5274d7474c27759b54486b8de23c709d76695237515bc8b5baeab"},
    {file = "grpcio-1.67.1-cp38-cp38-manylinux_2_17_i686.manylinux2014_i686.whl", hash = "sha256:3b6c16489326d79ead41689c4b84bc40d522c9a7617219f4ad94bc7f448c5085"},
    {file = "grpcio-1.67.1-cp38-cp38-manylinux_2_17_x86_64.manylinux2014_x86_64.whl", hash = "sha256:60e6a4dcf5af7bbc36fd9f81c9f372e8ae580870a9e4b6eafe948cd334b81cf3"},
    {file = "grpcio-1.67.1-cp38-cp38-musllinux_1_1_i686.whl", hash = "sha256:95b5f2b857856ed78d72da93cd7d09b6db8ef30102e5e7fe0961fe4d9f7d48e8"},
    {file = "grpcio-1.67.1-cp38-cp38-musllinux_1_1_x86_64.whl", hash = "sha256:b49359977c6ec9f5d0573ea4e0071ad278ef905aa74e420acc73fd28ce39e9ce"},
    {file = "grpcio-1.67.1-cp38-cp38-win32.whl", hash = "sha256:f5b76ff64aaac53fede0cc93abf57894ab2a7362986ba22243d06218b93efe46"},
    {file = "grpcio-1.67.1-cp38-cp38-win_amd64.whl", hash = "sha256:804c6457c3cd3ec04fe6006c739579b8d35c86ae3298ffca8de57b493524b771"},
    {file = "grpcio-1.67.1-cp39-cp39-linux_armv7l.whl", hash = "sha256:a25bdea92b13ff4d7790962190bf6bf5c4639876e01c0f3dda70fc2769616335"},
    {file = "grpcio-1.67.1-cp39-cp39-macosx_10_9_universal2.whl", hash = "sha256:cdc491ae35a13535fd9196acb5afe1af37c8237df2e54427be3eecda3653127e"},
    {file = "grpcio-1.67.1-cp39-cp39-manylinux_2_17_aarch64.whl", hash = "sha256:85f862069b86a305497e74d0dc43c02de3d1d184fc2c180993aa8aa86fbd19b8"},
    {file = "grpcio-1.67.1-cp39-cp39-manylinux_2_17_i686.manylinux2014_i686.whl", hash = "sha256:ec74ef02010186185de82cc594058a3ccd8d86821842bbac9873fd4a2cf8be8d"},
    {file = "grpcio-1.67.1-cp39-cp39-manylinux_2_17_x86_64.manylinux2014_x86_64.whl", hash = "sha256:01f616a964e540638af5130469451cf580ba8c7329f45ca998ab66e0c7dcdb04"},
    {file = "grpcio-1.67.1-cp39-cp39-musllinux_1_1_i686.whl", hash = "sha256:299b3d8c4f790c6bcca485f9963b4846dd92cf6f1b65d3697145d005c80f9fe8"},
    {file = "grpcio-1.67.1-cp39-cp39-musllinux_1_1_x86_64.whl", hash = "sha256:60336bff760fbb47d7e86165408126f1dded184448e9a4c892189eb7c9d3f90f"},
    {file = "grpcio-1.67.1-cp39-cp39-win32.whl", hash = "sha256:5ed601c4c6008429e3d247ddb367fe8c7259c355757448d7c1ef7bd4a6739e8e"},
    {file = "grpcio-1.67.1-cp39-cp39-win_amd64.whl", hash = "sha256:5db70d32d6703b89912af16d6d45d78406374a8b8ef0d28140351dd0ec610e98"},
    {file = "grpcio-1.67.1.tar.gz", hash = "sha256:3dc2ed4cabea4dc14d5e708c2b426205956077cc5de419b4d4079315017e9732"},
]

[package.extras]
protobuf = ["grpcio-tools (>=1.67.1)"]

[[package]]
name = "grpcio-tools"
version = "1.67.1"
description = "Protobuf code generator for gRPC"
optional = true
python-versions = ">=3.8"
files = [
    {file = "grpcio_tools-1.67.1-cp310-cp310-linux_armv7l.whl", hash = "sha256:c701aaa51fde1f2644bd94941aa94c337adb86f25cd03cf05e37387aaea25800"},
    {file = "grpcio_tools-1.67.1-cp310-cp310-macosx_12_0_universal2.whl", hash = "sha256:6a722bba714392de2386569c40942566b83725fa5c5450b8910e3832a5379469"},
    {file = "grpcio_tools-1.67.1-cp310-cp310-manylinux_2_17_aarch64.whl", hash = "sha256:0c7415235cb154e40b5ae90e2a172a0eb8c774b6876f53947cf0af05c983d549"},
    {file = "grpcio_tools-1.67.1-cp310-cp310-manylinux_2_17_i686.manylinux2014_i686.whl", hash = "sha256:6a4c459098c4934f9470280baf9ff8b38c365e147f33c8abc26039a948a664a5"},
    {file = "grpcio_tools-1.67.1-cp310-cp310-manylinux_2_17_x86_64.manylinux2014_x86_64.whl", hash = "sha256:e89bf53a268f55c16989dab1cf0b32a5bff910762f138136ffad4146129b7a10"},
    {file = "grpcio_tools-1.67.1-cp310-cp310-musllinux_1_1_i686.whl", hash = "sha256:f09cb3e6bcb140f57b878580cf3b848976f67faaf53d850a7da9bfac12437068"},
    {file = "grpcio_tools-1.67.1-cp310-cp310-musllinux_1_1_x86_64.whl", hash = "sha256:616dd0c6686212ca90ff899bb37eb774798677e43dc6f78c6954470782d37399"},
    {file = "grpcio_tools-1.67.1-cp310-cp310-win32.whl", hash = "sha256:58a66dbb3f0fef0396737ac09d6571a7f8d96a544ce3ed04c161f3d4fa8d51cc"},
    {file = "grpcio_tools-1.67.1-cp310-cp310-win_amd64.whl", hash = "sha256:89ee7c505bdf152e67c2cced6055aed4c2d4170f53a2b46a7e543d3b90e7b977"},
    {file = "grpcio_tools-1.67.1-cp311-cp311-linux_armv7l.whl", hash = "sha256:6d80ddd87a2fb7131d242f7d720222ef4f0f86f53ec87b0a6198c343d8e4a86e"},
    {file = "grpcio_tools-1.67.1-cp311-cp311-macosx_10_9_universal2.whl", hash = "sha256:b655425b82df51f3bd9fd3ba1a6282d5c9ce1937709f059cb3d419b224532d89"},
    {file = "grpcio_tools-1.67.1-cp311-cp311-manylinux_2_17_aarch64.whl", hash = "sha256:250241e6f9d20d0910a46887dfcbf2ec9108efd3b48f3fb95bb42d50d09d03f8"},
    {file = "grpcio_tools-1.67.1-cp311-cp311-manylinux_2_17_i686.manylinux2014_i686.whl", hash = "sha256:6008f5a5add0b6f03082edb597acf20d5a9e4e7c55ea1edac8296c19e6a0ec8d"},
    {file = "grpcio_tools-1.67.1-cp311-cp311-manylinux_2_17_x86_64.manylinux2014_x86_64.whl", hash = "sha256:5eff9818c3831fa23735db1fa39aeff65e790044d0a312260a0c41ae29cc2d9e"},
    {file = "grpcio_tools-1.67.1-cp311-cp311-musllinux_1_1_i686.whl", hash = "sha256:262ab7c40113f8c3c246e28e369661ddf616a351cb34169b8ba470c9a9c3b56f"},
    {file = "grpcio_tools-1.67.1-cp311-cp311-musllinux_1_1_x86_64.whl", hash = "sha256:1eebd8c746adf5786fa4c3056258c21cc470e1eca51d3ed23a7fb6a697fe4e81"},
    {file = "grpcio_tools-1.67.1-cp311-cp311-win32.whl", hash = "sha256:3eff92fb8ca1dd55e3af0ef02236c648921fb7d0e8ca206b889585804b3659ae"},
    {file = "grpcio_tools-1.67.1-cp311-cp311-win_amd64.whl", hash = "sha256:1ed18281ee17e5e0f9f6ce0c6eb3825ca9b5a0866fc1db2e17fab8aca28b8d9f"},
    {file = "grpcio_tools-1.67.1-cp312-cp312-linux_armv7l.whl", hash = "sha256:bd5caef3a484e226d05a3f72b2d69af500dca972cf434bf6b08b150880166f0b"},
    {file = "grpcio_tools-1.67.1-cp312-cp312-macosx_10_9_universal2.whl", hash = "sha256:48a2d63d1010e5b218e8e758ecb2a8d63c0c6016434e9f973df1c3558917020a"},
    {file = "grpcio_tools-1.67.1-cp312-cp312-manylinux_2_17_aarch64.whl", hash = "sha256:baa64a6aa009bffe86309e236c81b02cd4a88c1ebd66f2d92e84e9b97a9ae857"},
    {file = "grpcio_tools-1.67.1-cp312-cp312-manylinux_2_17_i686.manylinux2014_i686.whl", hash = "sha256:4ab318c40b5e3c097a159035fc3e4ecfbe9b3d2c9de189e55468b2c27639a6ab"},
    {file = "grpcio_tools-1.67.1-cp312-cp312-manylinux_2_17_x86_64.manylinux2014_x86_64.whl", hash = "sha256:50eba3e31f9ac1149463ad9182a37349850904f142cffbd957cd7f54ec320b8e"},
    {file = "grpcio_tools-1.67.1-cp312-cp312-musllinux_1_1_i686.whl", hash = "sha256:de6fbc071ecc4fe6e354a7939202191c1f1abffe37fbce9b08e7e9a5b93eba3d"},
    {file = "grpcio_tools-1.67.1-cp312-cp312-musllinux_1_1_x86_64.whl", hash = "sha256:db9e87f6ea4b0ce99b2651203480585fd9e8dd0dd122a19e46836e93e3a1b749"},
    {file = "grpcio_tools-1.67.1-cp312-cp312-win32.whl", hash = "sha256:6a595a872fb720dde924c4e8200f41d5418dd6baab8cc1a3c1e540f8f4596351"},
    {file = "grpcio_tools-1.67.1-cp312-cp312-win_amd64.whl", hash = "sha256:92eebb9b31031604ae97ea7657ae2e43149b0394af7117ad7e15894b6cc136dc"},
    {file = "grpcio_tools-1.67.1-cp313-cp313-linux_armv7l.whl", hash = "sha256:9a3b9510cc87b6458b05ad49a6dee38df6af37f9ee6aa027aa086537798c3d4a"},
    {file = "grpcio_tools-1.67.1-cp313-cp313-macosx_10_13_universal2.whl", hash = "sha256:9e4c9b9fa9b905f15d414cb7bd007ba7499f8907bdd21231ab287a86b27da81a"},
    {file = "grpcio_tools-1.67.1-cp313-cp313-manylinux_2_17_aarch64.whl", hash = "sha256:e11a98b41af4bc88b7a738232b8fa0306ad82c79fa5d7090bb607f183a57856f"},
    {file = "grpcio_tools-1.67.1-cp313-cp313-manylinux_2_17_i686.manylinux2014_i686.whl", hash = "sha256:de0fcfe61c26679d64b1710746f2891f359593f76894fcf492c37148d5694f00"},
    {file = "grpcio_tools-1.67.1-cp313-cp313-manylinux_2_17_x86_64.manylinux2014_x86_64.whl", hash = "sha256:7ae3b3e2ee5aad59dece65a613624c46a84c9582fc3642686537c6dfae8e47dc"},
    {file = "grpcio_tools-1.67.1-cp313-cp313-musllinux_1_1_i686.whl", hash = "sha256:9a630f83505b6471a3094a7a372a1240de18d0cd3e64f4fbf46b361bac2be65b"},
    {file = "grpcio_tools-1.67.1-cp313-cp313-musllinux_1_1_x86_64.whl", hash = "sha256:d85a1fcbacd3e08dc2b3d1d46b749351a9a50899fa35cf2ff040e1faf7d405ad"},
    {file = "grpcio_tools-1.67.1-cp313-cp313-win32.whl", hash = "sha256:778470f025f25a1fca5a48c93c0a18af395b46b12dd8df7fca63736b85181f41"},
    {file = "grpcio_tools-1.67.1-cp313-cp313-win_amd64.whl", hash = "sha256:6961da86e9856b4ddee0bf51ef6636b4bf9c29c0715aa71f3c8f027c45d42654"},
    {file = "grpcio_tools-1.67.1-cp38-cp38-linux_armv7l.whl", hash = "sha256:c088dfbbe289bb171ca9c98fabbf7ecc8c1c51af2ba384ef32a4fdcb784b17e9"},
    {file = "grpcio_tools-1.67.1-cp38-cp38-macosx_10_9_universal2.whl", hash = "sha256:11ce546daf8f8c04ee8d4a1673b4754cda4a0a9d505d820efd636e37f46b50c5"},
    {file = "grpcio_tools-1.67.1-cp38-cp38-manylinux_2_17_aarch64.whl", hash = "sha256:83fecb2f6119ef0eea68a091964898418c1969375d399956ff8d1741beb7b081"},
    {file = "grpcio_tools-1.67.1-cp38-cp38-manylinux_2_17_i686.manylinux2014_i686.whl", hash = "sha256:d39c1aa6b26e2602d815b9cfa37faba48b2889680ae6baa002560cf0f0c69fac"},
    {file = "grpcio_tools-1.67.1-cp38-cp38-manylinux_2_17_x86_64.manylinux2014_x86_64.whl", hash = "sha256:e975dc9fb61a77d88e739eb17b3361f369d03cc754217f02dd83ec7cfac32e38"},
    {file = "grpcio_tools-1.67.1-cp38-cp38-musllinux_1_1_i686.whl", hash = "sha256:6c6e5c5b15f2eedc2a81268d588d14a79a52020383bf87b3c7595df7b571504a"},
    {file = "grpcio_tools-1.67.1-cp38-cp38-musllinux_1_1_x86_64.whl", hash = "sha256:a974e0ce01806adba718e6eb8c385defe6805b18969b6914da7db55fb055ae45"},
    {file = "grpcio_tools-1.67.1-cp38-cp38-win32.whl", hash = "sha256:35e9b0a82be9f425aa67ee1dc69ba02cf135aeee3f22c0455c5d1b01769bbdb4"},
    {file = "grpcio_tools-1.67.1-cp38-cp38-win_amd64.whl", hash = "sha256:0436c97f29e654d2eccd7419907ee019caf7eea6bdc6ae91d98011f6c5f44f17"},
    {file = "grpcio_tools-1.67.1-cp39-cp39-linux_armv7l.whl", hash = "sha256:718fbb6d68a3d000cb3cf381642660eade0e8c1b0bf7472b84b3367f5b56171d"},
    {file = "grpcio_tools-1.67.1-cp39-cp39-macosx_10_9_universal2.whl", hash = "sha256:062887d2e9cb8bc261c21a2b8da714092893ce62b4e072775eaa9b24dcbf3b31"},
    {file = "grpcio_tools-1.67.1-cp39-cp39-manylinux_2_17_aarch64.whl", hash = "sha256:59dbf14a1ce928bf03a58fa157034374411159ab5d32ad83cf146d9400eed618"},
    {file = "grpcio_tools-1.67.1-cp39-cp39-manylinux_2_17_i686.manylinux2014_i686.whl", hash = "sha256:ac552fc9c76d50408d7141e1fd1eae69d85fbf7ae71da4d8877eaa07127fbe74"},
    {file = "grpcio_tools-1.67.1-cp39-cp39-manylinux_2_17_x86_64.manylinux2014_x86_64.whl", hash = "sha256:5c6583773400e441dc62d08b5a32357babef1a9f9f73c3ac328a75af550815a9"},
    {file = "grpcio_tools-1.67.1-cp39-cp39-musllinux_1_1_i686.whl", hash = "sha256:862108f90f2f6408908e5ea4584c5104f7caf419c6d73aa3ff36bf8284cca224"},
    {file = "grpcio_tools-1.67.1-cp39-cp39-musllinux_1_1_x86_64.whl", hash = "sha256:587c6326425f37dca2291f46b93e446c07ee781cea27725865b806b7a049ec56"},
    {file = "grpcio_tools-1.67.1-cp39-cp39-win32.whl", hash = "sha256:d7d46a4405bd763525215b6e073888386587aef9b4a5ec125bf97ba897ac757d"},
    {file = "grpcio_tools-1.67.1-cp39-cp39-win_amd64.whl", hash = "sha256:e2fc7980e8bab3ee5ab98b6fdc2a8fbaa4785f196d897531346176fda49a605c"},
    {file = "grpcio_tools-1.67.1.tar.gz", hash = "sha256:d9657f5ddc62b52f58904e6054b7d8a8909ed08a1e28b734be3a707087bcf004"},
]

[package.dependencies]
grpcio = ">=1.67.1"
protobuf = ">=5.26.1,<6.0dev"
setuptools = "*"

[[package]]
name = "importlib-metadata"
version = "8.5.0"
description = "Read metadata from Python packages"
optional = false
python-versions = ">=3.8"
files = [
    {file = "importlib_metadata-8.5.0-py3-none-any.whl", hash = "sha256:45e54197d28b7a7f1559e60b95e7c567032b602131fbd588f1497f47880aa68b"},
    {file = "importlib_metadata-8.5.0.tar.gz", hash = "sha256:71522656f0abace1d072b9e5481a48f07c138e00f079c38c8f883823f9c26bd7"},
]

[package.dependencies]
zipp = ">=3.20"

[package.extras]
check = ["pytest-checkdocs (>=2.4)", "pytest-ruff (>=0.2.1)"]
cover = ["pytest-cov"]
doc = ["furo", "jaraco.packaging (>=9.3)", "jaraco.tidelift (>=1.4)", "rst.linker (>=1.9)", "sphinx (>=3.5)", "sphinx-lint"]
enabler = ["pytest-enabler (>=2.2)"]
perf = ["ipython"]
test = ["flufl.flake8", "importlib-resources (>=1.3)", "jaraco.test (>=5.4)", "packaging", "pyfakefs", "pytest (>=6,!=8.1.*)", "pytest-perf (>=0.9.2)"]
type = ["pytest-mypy"]

[[package]]
name = "iniconfig"
version = "2.0.0"
description = "brain-dead simple config-ini parsing"
optional = false
python-versions = ">=3.7"
files = [
    {file = "iniconfig-2.0.0-py3-none-any.whl", hash = "sha256:b6a85871a79d2e3b22d2d1b94ac2824226a63c6b741c88f7ae975f18b6778374"},
    {file = "iniconfig-2.0.0.tar.gz", hash = "sha256:2d91e135bf72d31a410b17c16da610a82cb55f6b0477d1a902134b24a455b8b3"},
]

[[package]]
name = "mypy"
version = "1.13.0"
description = "Optional static typing for Python"
optional = false
python-versions = ">=3.8"
files = [
    {file = "mypy-1.13.0-cp310-cp310-macosx_10_9_x86_64.whl", hash = "sha256:6607e0f1dd1fb7f0aca14d936d13fd19eba5e17e1cd2a14f808fa5f8f6d8f60a"},
    {file = "mypy-1.13.0-cp310-cp310-macosx_11_0_arm64.whl", hash = "sha256:8a21be69bd26fa81b1f80a61ee7ab05b076c674d9b18fb56239d72e21d9f4c80"},
    {file = "mypy-1.13.0-cp310-cp310-manylinux_2_17_x86_64.manylinux2014_x86_64.manylinux_2_28_x86_64.whl", hash = "sha256:7b2353a44d2179846a096e25691d54d59904559f4232519d420d64da6828a3a7"},
    {file = "mypy-1.13.0-cp310-cp310-musllinux_1_1_x86_64.whl", hash = "sha256:0730d1c6a2739d4511dc4253f8274cdd140c55c32dfb0a4cf8b7a43f40abfa6f"},
    {file = "mypy-1.13.0-cp310-cp310-win_amd64.whl", hash = "sha256:c5fc54dbb712ff5e5a0fca797e6e0aa25726c7e72c6a5850cfd2adbc1eb0a372"},
    {file = "mypy-1.13.0-cp311-cp311-macosx_10_9_x86_64.whl", hash = "sha256:581665e6f3a8a9078f28d5502f4c334c0c8d802ef55ea0e7276a6e409bc0d82d"},
    {file = "mypy-1.13.0-cp311-cp311-macosx_11_0_arm64.whl", hash = "sha256:3ddb5b9bf82e05cc9a627e84707b528e5c7caaa1c55c69e175abb15a761cec2d"},
    {file = "mypy-1.13.0-cp311-cp311-manylinux_2_17_x86_64.manylinux2014_x86_64.manylinux_2_28_x86_64.whl", hash = "sha256:20c7ee0bc0d5a9595c46f38beb04201f2620065a93755704e141fcac9f59db2b"},
    {file = "mypy-1.13.0-cp311-cp311-musllinux_1_1_x86_64.whl", hash = "sha256:3790ded76f0b34bc9c8ba4def8f919dd6a46db0f5a6610fb994fe8efdd447f73"},
    {file = "mypy-1.13.0-cp311-cp311-win_amd64.whl", hash = "sha256:51f869f4b6b538229c1d1bcc1dd7d119817206e2bc54e8e374b3dfa202defcca"},
    {file = "mypy-1.13.0-cp312-cp312-macosx_10_13_x86_64.whl", hash = "sha256:5c7051a3461ae84dfb5dd15eff5094640c61c5f22257c8b766794e6dd85e72d5"},
    {file = "mypy-1.13.0-cp312-cp312-macosx_11_0_arm64.whl", hash = "sha256:39bb21c69a5d6342f4ce526e4584bc5c197fd20a60d14a8624d8743fffb9472e"},
    {file = "mypy-1.13.0-cp312-cp312-manylinux_2_17_x86_64.manylinux2014_x86_64.manylinux_2_28_x86_64.whl", hash = "sha256:164f28cb9d6367439031f4c81e84d3ccaa1e19232d9d05d37cb0bd880d3f93c2"},
    {file = "mypy-1.13.0-cp312-cp312-musllinux_1_1_x86_64.whl", hash = "sha256:a4c1bfcdbce96ff5d96fc9b08e3831acb30dc44ab02671eca5953eadad07d6d0"},
    {file = "mypy-1.13.0-cp312-cp312-win_amd64.whl", hash = "sha256:a0affb3a79a256b4183ba09811e3577c5163ed06685e4d4b46429a271ba174d2"},
    {file = "mypy-1.13.0-cp313-cp313-macosx_10_13_x86_64.whl", hash = "sha256:a7b44178c9760ce1a43f544e595d35ed61ac2c3de306599fa59b38a6048e1aa7"},
    {file = "mypy-1.13.0-cp313-cp313-macosx_11_0_arm64.whl", hash = "sha256:5d5092efb8516d08440e36626f0153b5006d4088c1d663d88bf79625af3d1d62"},
    {file = "mypy-1.13.0-cp313-cp313-manylinux_2_17_x86_64.manylinux2014_x86_64.manylinux_2_28_x86_64.whl", hash = "sha256:de2904956dac40ced10931ac967ae63c5089bd498542194b436eb097a9f77bc8"},
    {file = "mypy-1.13.0-cp313-cp313-musllinux_1_1_x86_64.whl", hash = "sha256:7bfd8836970d33c2105562650656b6846149374dc8ed77d98424b40b09340ba7"},
    {file = "mypy-1.13.0-cp313-cp313-win_amd64.whl", hash = "sha256:9f73dba9ec77acb86457a8fc04b5239822df0c14a082564737833d2963677dbc"},
    {file = "mypy-1.13.0-cp38-cp38-macosx_10_9_x86_64.whl", hash = "sha256:100fac22ce82925f676a734af0db922ecfea991e1d7ec0ceb1e115ebe501301a"},
    {file = "mypy-1.13.0-cp38-cp38-macosx_11_0_arm64.whl", hash = "sha256:7bcb0bb7f42a978bb323a7c88f1081d1b5dee77ca86f4100735a6f541299d8fb"},
    {file = "mypy-1.13.0-cp38-cp38-manylinux_2_17_x86_64.manylinux2014_x86_64.manylinux_2_28_x86_64.whl", hash = "sha256:bde31fc887c213e223bbfc34328070996061b0833b0a4cfec53745ed61f3519b"},
    {file = "mypy-1.13.0-cp38-cp38-musllinux_1_1_x86_64.whl", hash = "sha256:07de989f89786f62b937851295ed62e51774722e5444a27cecca993fc3f9cd74"},
    {file = "mypy-1.13.0-cp38-cp38-win_amd64.whl", hash = "sha256:4bde84334fbe19bad704b3f5b78c4abd35ff1026f8ba72b29de70dda0916beb6"},
    {file = "mypy-1.13.0-cp39-cp39-macosx_10_9_x86_64.whl", hash = "sha256:0246bcb1b5de7f08f2826451abd947bf656945209b140d16ed317f65a17dc7dc"},
    {file = "mypy-1.13.0-cp39-cp39-macosx_11_0_arm64.whl", hash = "sha256:7f5b7deae912cf8b77e990b9280f170381fdfbddf61b4ef80927edd813163732"},
    {file = "mypy-1.13.0-cp39-cp39-manylinux_2_17_x86_64.manylinux2014_x86_64.manylinux_2_28_x86_64.whl", hash = "sha256:7029881ec6ffb8bc233a4fa364736789582c738217b133f1b55967115288a2bc"},
    {file = "mypy-1.13.0-cp39-cp39-musllinux_1_1_x86_64.whl", hash = "sha256:3e38b980e5681f28f033f3be86b099a247b13c491f14bb8b1e1e134d23bb599d"},
    {file = "mypy-1.13.0-cp39-cp39-win_amd64.whl", hash = "sha256:a6789be98a2017c912ae6ccb77ea553bbaf13d27605d2ca20a76dfbced631b24"},
    {file = "mypy-1.13.0-py3-none-any.whl", hash = "sha256:9c250883f9fd81d212e0952c92dbfcc96fc237f4b7c92f56ac81fd48460b3e5a"},
    {file = "mypy-1.13.0.tar.gz", hash = "sha256:0291a61b6fbf3e6673e3405cfcc0e7650bebc7939659fdca2702958038bd835e"},
]

[package.dependencies]
mypy-extensions = ">=1.0.0"
tomli = {version = ">=1.1.0", markers = "python_version < \"3.11\""}
typing-extensions = ">=4.6.0"

[package.extras]
dmypy = ["psutil (>=4.0)"]
faster-cache = ["orjson"]
install-types = ["pip"]
mypyc = ["setuptools (>=50)"]
reports = ["lxml"]

[[package]]
name = "mypy-extensions"
version = "1.0.0"
description = "Type system extensions for programs checked with the mypy type checker."
optional = false
python-versions = ">=3.5"
files = [
    {file = "mypy_extensions-1.0.0-py3-none-any.whl", hash = "sha256:4392f6c0eb8a5668a69e23d168ffa70f0be9ccfd32b5cc2d26a34ae5b844552d"},
    {file = "mypy_extensions-1.0.0.tar.gz", hash = "sha256:75dbf8955dc00442a438fc4d0666508a9a97b6bd41aa2f0ffe9d2f2725af0782"},
]

[[package]]
name = "mypy-protobuf"
version = "3.6.0"
description = "Generate mypy stub files from protobuf specs"
optional = false
python-versions = ">=3.8"
files = [
    {file = "mypy-protobuf-3.6.0.tar.gz", hash = "sha256:02f242eb3409f66889f2b1a3aa58356ec4d909cdd0f93115622e9e70366eca3c"},
    {file = "mypy_protobuf-3.6.0-py3-none-any.whl", hash = "sha256:56176e4d569070e7350ea620262478b49b7efceba4103d468448f1d21492fd6c"},
]

[package.dependencies]
protobuf = ">=4.25.3"
types-protobuf = ">=4.24"

[[package]]
name = "packaging"
version = "24.1"
description = "Core utilities for Python packages"
optional = false
python-versions = ">=3.8"
files = [
    {file = "packaging-24.1-py3-none-any.whl", hash = "sha256:5b8f2217dbdbd2f7f384c41c628544e6d52f2d0f53c6d0c3ea61aa5d1d7ff124"},
    {file = "packaging-24.1.tar.gz", hash = "sha256:026ed72c8ed3fcce5bf8950572258698927fd1dbda10a5e981cdf0ac37f4f002"},
]

[[package]]
name = "pluggy"
version = "1.5.0"
description = "plugin and hook calling mechanisms for python"
optional = false
python-versions = ">=3.8"
files = [
    {file = "pluggy-1.5.0-py3-none-any.whl", hash = "sha256:44e1ad92c8ca002de6377e165f3e0f1be63266ab4d554740532335b9d75ea669"},
    {file = "pluggy-1.5.0.tar.gz", hash = "sha256:2cffa88e94fdc978c4c574f15f9e59b7f4201d439195c3715ca9e2486f1d0cf1"},
]

[package.extras]
dev = ["pre-commit", "tox"]
testing = ["pytest", "pytest-benchmark"]

[[package]]
name = "protobuf"
version = "5.28.3"
description = ""
optional = false
python-versions = ">=3.8"
files = [
    {file = "protobuf-5.28.3-cp310-abi3-win32.whl", hash = "sha256:0c4eec6f987338617072592b97943fdbe30d019c56126493111cf24344c1cc24"},
    {file = "protobuf-5.28.3-cp310-abi3-win_amd64.whl", hash = "sha256:91fba8f445723fcf400fdbe9ca796b19d3b1242cd873907979b9ed71e4afe868"},
    {file = "protobuf-5.28.3-cp38-abi3-macosx_10_9_universal2.whl", hash = "sha256:a3f6857551e53ce35e60b403b8a27b0295f7d6eb63d10484f12bc6879c715687"},
    {file = "protobuf-5.28.3-cp38-abi3-manylinux2014_aarch64.whl", hash = "sha256:3fa2de6b8b29d12c61911505d893afe7320ce7ccba4df913e2971461fa36d584"},
    {file = "protobuf-5.28.3-cp38-abi3-manylinux2014_x86_64.whl", hash = "sha256:712319fbdddb46f21abb66cd33cb9e491a5763b2febd8f228251add221981135"},
    {file = "protobuf-5.28.3-cp38-cp38-win32.whl", hash = "sha256:3e6101d095dfd119513cde7259aa703d16c6bbdfae2554dfe5cfdbe94e32d548"},
    {file = "protobuf-5.28.3-cp38-cp38-win_amd64.whl", hash = "sha256:27b246b3723692bf1068d5734ddaf2fccc2cdd6e0c9b47fe099244d80200593b"},
    {file = "protobuf-5.28.3-cp39-cp39-win32.whl", hash = "sha256:135658402f71bbd49500322c0f736145731b16fc79dc8f367ab544a17eab4535"},
    {file = "protobuf-5.28.3-cp39-cp39-win_amd64.whl", hash = "sha256:70585a70fc2dd4818c51287ceef5bdba6387f88a578c86d47bb34669b5552c36"},
    {file = "protobuf-5.28.3-py3-none-any.whl", hash = "sha256:cee1757663fa32a1ee673434fcf3bf24dd54763c79690201208bafec62f19eed"},
    {file = "protobuf-5.28.3.tar.gz", hash = "sha256:64badbc49180a5e401f373f9ce7ab1d18b63f7dd4a9cdc43c92b9f0b481cef7b"},
]

[[package]]
name = "pytest"
version = "8.3.3"
description = "pytest: simple powerful testing with Python"
optional = false
python-versions = ">=3.8"
files = [
    {file = "pytest-8.3.3-py3-none-any.whl", hash = "sha256:a6853c7375b2663155079443d2e45de913a911a11d669df02a50814944db57b2"},
    {file = "pytest-8.3.3.tar.gz", hash = "sha256:70b98107bd648308a7952b06e6ca9a50bc660be218d53c257cc1fc94fda10181"},
]

[package.dependencies]
colorama = {version = "*", markers = "sys_platform == \"win32\""}
exceptiongroup = {version = ">=1.0.0rc8", markers = "python_version < \"3.11\""}
iniconfig = "*"
packaging = "*"
pluggy = ">=1.5,<2"
tomli = {version = ">=1", markers = "python_version < \"3.11\""}

[package.extras]
dev = ["argcomplete", "attrs (>=19.2)", "hypothesis (>=3.56)", "mock", "pygments (>=2.7.2)", "requests", "setuptools", "xmlschema"]

[[package]]
name = "pytest-randomly"
version = "3.15.0"
description = "Pytest plugin to randomly order tests and control random.seed."
optional = false
python-versions = ">=3.8"
files = [
    {file = "pytest_randomly-3.15.0-py3-none-any.whl", hash = "sha256:0516f4344b29f4e9cdae8bce31c4aeebf59d0b9ef05927c33354ff3859eeeca6"},
    {file = "pytest_randomly-3.15.0.tar.gz", hash = "sha256:b908529648667ba5e54723088edd6f82252f540cc340d748d1fa985539687047"},
]

[package.dependencies]
importlib-metadata = {version = ">=3.6.0", markers = "python_version < \"3.10\""}
pytest = "*"

[[package]]
name = "ruff"
version = "0.7.2"
description = "An extremely fast Python linter and code formatter, written in Rust."
optional = false
python-versions = ">=3.7"
files = [
    {file = "ruff-0.7.2-py3-none-linux_armv6l.whl", hash = "sha256:b73f873b5f52092e63ed540adefc3c36f1f803790ecf2590e1df8bf0a9f72cb8"},
    {file = "ruff-0.7.2-py3-none-macosx_10_12_x86_64.whl", hash = "sha256:5b813ef26db1015953daf476202585512afd6a6862a02cde63f3bafb53d0b2d4"},
    {file = "ruff-0.7.2-py3-none-macosx_11_0_arm64.whl", hash = "sha256:853277dbd9675810c6826dad7a428d52a11760744508340e66bf46f8be9701d9"},
    {file = "ruff-0.7.2-py3-none-manylinux_2_17_aarch64.manylinux2014_aarch64.whl", hash = "sha256:21aae53ab1490a52bf4e3bf520c10ce120987b047c494cacf4edad0ba0888da2"},
    {file = "ruff-0.7.2-py3-none-manylinux_2_17_armv7l.manylinux2014_armv7l.whl", hash = "sha256:ccc7e0fc6e0cb3168443eeadb6445285abaae75142ee22b2b72c27d790ab60ba"},
    {file = "ruff-0.7.2-py3-none-manylinux_2_17_i686.manylinux2014_i686.whl", hash = "sha256:fd77877a4e43b3a98e5ef4715ba3862105e299af0c48942cc6d51ba3d97dc859"},
    {file = "ruff-0.7.2-py3-none-manylinux_2_17_ppc64.manylinux2014_ppc64.whl", hash = "sha256:e00163fb897d35523c70d71a46fbaa43bf7bf9af0f4534c53ea5b96b2e03397b"},
    {file = "ruff-0.7.2-py3-none-manylinux_2_17_ppc64le.manylinux2014_ppc64le.whl", hash = "sha256:f3c54b538633482dc342e9b634d91168fe8cc56b30a4b4f99287f4e339103e88"},
    {file = "ruff-0.7.2-py3-none-manylinux_2_17_s390x.manylinux2014_s390x.whl", hash = "sha256:7b792468e9804a204be221b14257566669d1db5c00d6bb335996e5cd7004ba80"},
    {file = "ruff-0.7.2-py3-none-manylinux_2_17_x86_64.manylinux2014_x86_64.whl", hash = "sha256:dba53ed84ac19ae4bfb4ea4bf0172550a2285fa27fbb13e3746f04c80f7fa088"},
    {file = "ruff-0.7.2-py3-none-musllinux_1_2_aarch64.whl", hash = "sha256:b19fafe261bf741bca2764c14cbb4ee1819b67adb63ebc2db6401dcd652e3748"},
    {file = "ruff-0.7.2-py3-none-musllinux_1_2_armv7l.whl", hash = "sha256:28bd8220f4d8f79d590db9e2f6a0674f75ddbc3847277dd44ac1f8d30684b828"},
    {file = "ruff-0.7.2-py3-none-musllinux_1_2_i686.whl", hash = "sha256:9fd67094e77efbea932e62b5d2483006154794040abb3a5072e659096415ae1e"},
    {file = "ruff-0.7.2-py3-none-musllinux_1_2_x86_64.whl", hash = "sha256:576305393998b7bd6c46018f8104ea3a9cb3fa7908c21d8580e3274a3b04b691"},
    {file = "ruff-0.7.2-py3-none-win32.whl", hash = "sha256:fa993cfc9f0ff11187e82de874dfc3611df80852540331bc85c75809c93253a8"},
    {file = "ruff-0.7.2-py3-none-win_amd64.whl", hash = "sha256:dd8800cbe0254e06b8fec585e97554047fb82c894973f7ff18558eee33d1cb88"},
    {file = "ruff-0.7.2-py3-none-win_arm64.whl", hash = "sha256:bb8368cd45bba3f57bb29cbb8d64b4a33f8415d0149d2655c5c8539452ce7760"},
    {file = "ruff-0.7.2.tar.gz", hash = "sha256:2b14e77293380e475b4e3a7a368e14549288ed2931fce259a6f99978669e844f"},
]

[[package]]
name = "setuptools"
version = "75.2.0"
description = "Easily download, build, install, upgrade, and uninstall Python packages"
optional = true
python-versions = ">=3.8"
files = [
    {file = "setuptools-75.2.0-py3-none-any.whl", hash = "sha256:a7fcb66f68b4d9e8e66b42f9876150a3371558f98fa32222ffaa5bced76406f8"},
    {file = "setuptools-75.2.0.tar.gz", hash = "sha256:753bb6ebf1f465a1912e19ed1d41f403a79173a9acf66a42e7e6aec45c3c16ec"},
]

[package.extras]
check = ["pytest-checkdocs (>=2.4)", "pytest-ruff (>=0.2.1)", "ruff (>=0.5.2)"]
core = ["importlib-metadata (>=6)", "importlib-resources (>=5.10.2)", "jaraco.collections", "jaraco.functools", "jaraco.text (>=3.7)", "more-itertools", "more-itertools (>=8.8)", "packaging", "packaging (>=24)", "platformdirs (>=2.6.2)", "tomli (>=2.0.1)", "wheel (>=0.43.0)"]
cover = ["pytest-cov"]
doc = ["furo", "jaraco.packaging (>=9.3)", "jaraco.tidelift (>=1.4)", "pygments-github-lexers (==0.0.5)", "pyproject-hooks (!=1.1)", "rst.linker (>=1.9)", "sphinx (>=3.5)", "sphinx-favicon", "sphinx-inline-tabs", "sphinx-lint", "sphinx-notfound-page (>=1,<2)", "sphinx-reredirects", "sphinxcontrib-towncrier", "towncrier (<24.7)"]
enabler = ["pytest-enabler (>=2.2)"]
test = ["build[virtualenv] (>=1.0.3)", "filelock (>=3.4.0)", "ini2toml[lite] (>=0.14)", "jaraco.develop (>=7.21)", "jaraco.envs (>=2.2)", "jaraco.path (>=3.2.0)", "jaraco.test", "packaging (>=23.2)", "pip (>=19.1)", "pyproject-hooks (!=1.1)", "pytest (>=6,!=8.1.*)", "pytest-home (>=0.5)", "pytest-perf", "pytest-subprocess", "pytest-timeout", "pytest-xdist (>=3)", "tomli-w (>=1.0.0)", "virtualenv (>=13.0.0)", "wheel (>=0.44.0)"]
type = ["importlib-metadata (>=7.0.2)", "jaraco.develop (>=7.21)", "mypy (==1.11.*)", "pytest-mypy"]

[[package]]
name = "six"
version = "1.16.0"
description = "Python 2 and 3 compatibility utilities"
optional = false
python-versions = ">=2.7, !=3.0.*, !=3.1.*, !=3.2.*"
files = [
    {file = "six-1.16.0-py2.py3-none-any.whl", hash = "sha256:8abb2f1d86890a2dfb989f9a77cfcfd3e47c2a354b01111771326f8aa26e0254"},
    {file = "six-1.16.0.tar.gz", hash = "sha256:1e61c37477a1626458e36f7b1d82aa5c9b094fa4802892072e49de9c60c4c926"},
]

[[package]]
name = "tomli"
version = "2.0.2"
description = "A lil' TOML parser"
optional = false
python-versions = ">=3.8"
files = [
    {file = "tomli-2.0.2-py3-none-any.whl", hash = "sha256:2ebe24485c53d303f690b0ec092806a085f07af5a5aa1464f3931eec36caaa38"},
    {file = "tomli-2.0.2.tar.gz", hash = "sha256:d46d457a85337051c36524bc5349dd91b1877838e2979ac5ced3e710ed8a60ed"},
]

[[package]]
name = "types-protobuf"
version = "5.28.3.20241030"
description = "Typing stubs for protobuf"
optional = false
python-versions = ">=3.8"
files = [
    {file = "types-protobuf-5.28.3.20241030.tar.gz", hash = "sha256:f7e6b45845d75393fb41c0b3ce82c46d775f9771fae2097414a1dbfe5b51a988"},
    {file = "types_protobuf-5.28.3.20241030-py3-none-any.whl", hash = "sha256:f3dae16adf342d4fb5bb3673cabb22549a6252e5dd66fc52d8310b1a39c64ba9"},
]

[[package]]
name = "typing-extensions"
version = "4.12.2"
description = "Backported and Experimental Type Hints for Python 3.8+"
optional = false
python-versions = ">=3.8"
files = [
    {file = "typing_extensions-4.12.2-py3-none-any.whl", hash = "sha256:04e5ca0351e0f3f85c6853954072df659d0d13fac324d0072316b67d7794700d"},
    {file = "typing_extensions-4.12.2.tar.gz", hash = "sha256:1a7ead55c7e559dd4dee8856e3a88b41225abfe1ce8df57b7c13915fe121ffb8"},
]

[[package]]
name = "wheel"
version = "0.44.0"
description = "A built-package format for Python"
optional = false
python-versions = ">=3.8"
files = [
    {file = "wheel-0.44.0-py3-none-any.whl", hash = "sha256:2376a90c98cc337d18623527a97c31797bd02bad0033d41547043a1cbfbe448f"},
    {file = "wheel-0.44.0.tar.gz", hash = "sha256:a29c3f2817e95ab89aa4660681ad547c0e9547f20e75b0562fe7723c9a2a9d49"},
]

[package.extras]
test = ["pytest (>=6.0.0)", "setuptools (>=65)"]

[[package]]
name = "zipp"
version = "3.20.2"
description = "Backport of pathlib-compatible object wrapper for zip files"
optional = false
python-versions = ">=3.8"
files = [
    {file = "zipp-3.20.2-py3-none-any.whl", hash = "sha256:a817ac80d6cf4b23bf7f2828b7cabf326f15a001bea8b1f9b49631780ba28350"},
    {file = "zipp-3.20.2.tar.gz", hash = "sha256:bc9eb26f4506fda01b81bcde0ca78103b6e62f991b381fec825435c836edbc29"},
]

[package.extras]
check = ["pytest-checkdocs (>=2.4)", "pytest-ruff (>=0.2.1)"]
cover = ["pytest-cov"]
doc = ["furo", "jaraco.packaging (>=9.3)", "jaraco.tidelift (>=1.4)", "rst.linker (>=1.9)", "sphinx (>=3.5)", "sphinx-lint"]
enabler = ["pytest-enabler (>=2.2)"]
test = ["big-O", "importlib-resources", "jaraco.functools", "jaraco.itertools", "jaraco.test", "more-itertools", "pytest (>=6,!=8.1.*)", "pytest-ignore-flaky"]
type = ["pytest-mypy"]

[extras]
grpcio-tools = ["grpcio-tools"]

[metadata]
lock-version = "2.0"
python-versions = "^3.8"
content-hash = "80aad6471495c6c45dc345662f742bff0268db2b1ccc5f518f7964d64ba39f7e"
